{
  "object": {
    "pins": [
      {
        "package": "KeenClientTD",
        "repositoryURL": "git@github.com:nacho4d/KeenClient-iOS.git",
        "state": {
          "branch": null,
          "revision": "0bb8f3f7c4ea03487f12bb1a11ec1021e3c10593",
          "version": "13.3.1"
        }
      }
    ]
  },
  "version": 1
}
