{
  "object": {
    "pins": [
      {
        "package": "KeenClientTD",
        "repositoryURL": "git@github.com:nacho4d/KeenClient-iOS.git",
        "state": {
          "branch": null,
          "revision": "918015f2d8687aae348798d56a95ae2a712fe261",
          "version": "13.3.0"
        }
      }
    ]
  },
  "version": 1
}
