PODS:
  - GZIP (1.3.0)
  - KeenClientTD (4.0.0):
    - KeenClientTD/keen_sqlite (= 4.0.0)
  - KeenClientTD/keen_sqlite (4.0.0)

DEPENDENCIES:
  - GZIP (= 1.3.0)
  - KeenClientTD (= 4.0.0)

SPEC REPOS:
  https://cdn.cocoapods.org/:
    - GZIP
    - KeenClientTD

SPEC CHECKSUMS:
  GZIP: 416858efbe66b41b206895ac6dfd5493200d95b3
  KeenClientTD: 5a1c60b2a4393680a1deeec30f7e461f7398f2c6

PODFILE CHECKSUM: 6e7065dea999cebc611545b16f8397d8b061b0be

COCOAPODS: 1.11.3
