PODS:
  - KeenClientTD (3.2.33):
    - KeenClientTD/keen_sqlite (= 3.2.33)
  - KeenClientTD/keen_sqlite (3.2.33)

DEPENDENCIES:
  - KeenClientTD (from `https://github.com/treasure-data/KeenClient-iOS.git`)

EXTERNAL SOURCES:
  KeenClientTD:
    :git: https://github.com/treasure-data/KeenClient-iOS.git

CHECKOUT OPTIONS:
  KeenClientTD:
    :commit: 26a391ceaa1800821f386342211529becc2aeaf8
    :git: https://github.com/treasure-data/KeenClient-iOS.git

SPEC CHECKSUMS:
  KeenClientTD: 1faa85dca8fe1cf14a7b5c1a736a4fa9ea42fea7

PODFILE CHECKSUM: 19cb4e7b765b0ad5b5e99ad7446b87794cd55c88

COCOAPODS: 1.7.5
