PODS:
  - KeenClientTD (3.3.0):
    - KeenClientTD/keen_sqlite (= 3.3.0)
  - KeenClientTD/keen_sqlite (3.3.0)

DEPENDENCIES:
  - KeenClientTD (= 3.3.0)

SPEC REPOS:
  https://github.com/CocoaPods/Specs.git:
    - KeenClientTD

SPEC CHECKSUMS:
  KeenClientTD: 0e0399a8e5030890ace84644cea0bd39463c3ad4

PODFILE CHECKSUM: 1f896df3bc3ce253b645f6fffc7b165c2819c6b7

COCOAPODS: 1.9.3
