// !$*UTF8*$!
{
	archiveVersion = 1;
	classes = {
	};
	objectVersion = 46;
	objects = {

/* Begin PBXBuildFile section */
		1F68EE6328E24A445D660A51 /* libPods-TreasureDataTests.a in Frameworks */ = {isa = PBXBuildFile; fileRef = E0DB92B1F49BBC30A854EB53 /* libPods-TreasureDataTests.a */; };
		2053A39C2047F37F0089A959 /* TDUtils.m in Sources */ = {isa = PBXBuildFile; fileRef = 2053A39B2047F37F0089A959 /* TDUtils.m */; };
		6B351A76194ABF0F001CBAAD /* Deflate.m in Sources */ = {isa = PBXBuildFile; fileRef = 6B351A75194ABF0F001CBAAD /* Deflate.m */; };
		6B738092192A09160097D56E /* Foundation.framework in Frameworks */ = {isa = PBXBuildFile; fileRef = 6B738091192A09160097D56E /* Foundation.framework */; };
		6B738097192A09160097D56E /* TreasureData.h in CopyFiles */ = {isa = PBXBuildFile; fileRef = 6B738096192A09160097D56E /* TreasureData.h */; };
		6B738099192A09160097D56E /* TreasureData.m in Sources */ = {isa = PBXBuildFile; fileRef = 6B738098192A09160097D56E /* TreasureData.m */; };
		6B7380A0192A09160097D56E /* XCTest.framework in Frameworks */ = {isa = PBXBuildFile; fileRef = 6B73809F192A09160097D56E /* XCTest.framework */; };
		6B7380A1192A09160097D56E /* Foundation.framework in Frameworks */ = {isa = PBXBuildFile; fileRef = 6B738091192A09160097D56E /* Foundation.framework */; };
		6B7380A3192A09160097D56E /* UIKit.framework in Frameworks */ = {isa = PBXBuildFile; fileRef = 6B7380A2192A09160097D56E /* UIKit.framework */; };
		6B7380A6192A09160097D56E /* libTreasureData.a in Frameworks */ = {isa = PBXBuildFile; fileRef = 6B73808E192A09160097D56E /* libTreasureData.a */; };
		6B7380AC192A09160097D56E /* InfoPlist.strings in Resources */ = {isa = PBXBuildFile; fileRef = 6B7380AA192A09160097D56E /* InfoPlist.strings */; };
		6B7380AE192A09160097D56E /* TreasureDataTests.m in Sources */ = {isa = PBXBuildFile; fileRef = 6B7380AD192A09160097D56E /* TreasureDataTests.m */; };
		6B758E4E1C00C59A00D597F8 /* TDClient.h in CopyFiles */ = {isa = PBXBuildFile; fileRef = 6BF8C9321A3E9B76005B1804 /* TDClient.h */; };
		6BB5A9D41D1A86EF0006A534 /* Session.m in Sources */ = {isa = PBXBuildFile; fileRef = 6BB5A9D31D1A86EE0006A534 /* Session.m */; };
		6BB5A9D61D1BBFE60006A534 /* SessionTests.m in Sources */ = {isa = PBXBuildFile; fileRef = 6BB5A9D51D1BBFE60006A534 /* SessionTests.m */; };
		6BF8C92D1A3E971D005B1804 /* CoreLocation.framework in Frameworks */ = {isa = PBXBuildFile; fileRef = 6BF8C92C1A3E971D005B1804 /* CoreLocation.framework */; };
		6BF8C92F1A3E972C005B1804 /* Security.framework in Frameworks */ = {isa = PBXBuildFile; fileRef = 6BF8C92E1A3E972C005B1804 /* Security.framework */; };
		6BF8C9311A3E977B005B1804 /* libz.dylib in Frameworks */ = {isa = PBXBuildFile; fileRef = 6BF8C9301A3E977B005B1804 /* libz.dylib */; };
		6BF8C9341A3E9B76005B1804 /* TDClient.m in Sources */ = {isa = PBXBuildFile; fileRef = 6BF8C9331A3E9B76005B1804 /* TDClient.m */; };
		EF5A04E746876D639D752AE1 /* libPods-TreasureData.a in Frameworks */ = {isa = PBXBuildFile; fileRef = 11FADA7F69E6E148978C0F7C /* libPods-TreasureData.a */; };
/* End PBXBuildFile section */

/* Begin PBXContainerItemProxy section */
		6B7380A4192A09160097D56E /* PBXContainerItemProxy */ = {
			isa = PBXContainerItemProxy;
			containerPortal = 6B738086192A09160097D56E /* Project object */;
			proxyType = 1;
			remoteGlobalIDString = 6B73808D192A09160097D56E;
			remoteInfo = TreasureData;
		};
/* End PBXContainerItemProxy section */

/* Begin PBXCopyFilesBuildPhase section */
		6B73808C192A09160097D56E /* CopyFiles */ = {
			isa = PBXCopyFilesBuildPhase;
			buildActionMask = 2147483647;
			dstPath = "include/$(PRODUCT_NAME)";
			dstSubfolderSpec = 16;
			files = (
				6B758E4E1C00C59A00D597F8 /* TDClient.h in CopyFiles */,
				6B738097192A09160097D56E /* TreasureData.h in CopyFiles */,
			);
			runOnlyForDeploymentPostprocessing = 0;
		};
/* End PBXCopyFilesBuildPhase section */

/* Begin PBXFileReference section */
		11FADA7F69E6E148978C0F7C /* libPods-TreasureData.a */ = {isa = PBXFileReference; explicitFileType = archive.ar; includeInIndex = 0; path = "libPods-TreasureData.a"; sourceTree = BUILT_PRODUCTS_DIR; };
		201053E9204858F8009C7EFA /* Constants.h */ = {isa = PBXFileReference; fileEncoding = 4; lastKnownFileType = sourcecode.c.h; path = Constants.h; sourceTree = "<group>"; };
		2053A39B2047F37F0089A959 /* TDUtils.m */ = {isa = PBXFileReference; fileEncoding = 4; lastKnownFileType = sourcecode.c.objc; path = TDUtils.m; sourceTree = "<group>"; };
		2053A39D2047F38B0089A959 /* TDUtils.h */ = {isa = PBXFileReference; lastKnownFileType = sourcecode.c.h; path = TDUtils.h; sourceTree = "<group>"; };
		27C46146494E527DCE7A92A1 /* Pods-TreasureData-TreasureDataTests.debug.xcconfig */ = {isa = PBXFileReference; includeInIndex = 1; lastKnownFileType = text.xcconfig; name = "Pods-TreasureData-TreasureDataTests.debug.xcconfig"; path = "Pods/Target Support Files/Pods-TreasureData-TreasureDataTests/Pods-TreasureData-TreasureDataTests.debug.xcconfig"; sourceTree = "<group>"; };
		361BA221499EFE17CB2E88D1 /* Pods-Common-TreasureDataTests.debug.xcconfig */ = {isa = PBXFileReference; includeInIndex = 1; lastKnownFileType = text.xcconfig; name = "Pods-Common-TreasureDataTests.debug.xcconfig"; path = "Pods/Target Support Files/Pods-Common-TreasureDataTests/Pods-Common-TreasureDataTests.debug.xcconfig"; sourceTree = "<group>"; };
		4D4265C575E11B5930549F10 /* Pods-Common-TreasureData.debug.xcconfig */ = {isa = PBXFileReference; includeInIndex = 1; lastKnownFileType = text.xcconfig; name = "Pods-Common-TreasureData.debug.xcconfig"; path = "Pods/Target Support Files/Pods-Common-TreasureData/Pods-Common-TreasureData.debug.xcconfig"; sourceTree = "<group>"; };
		57CFB8AE9EF047FBDE70DEA8 /* Pods-Common-TreasureData.release.xcconfig */ = {isa = PBXFileReference; includeInIndex = 1; lastKnownFileType = text.xcconfig; name = "Pods-Common-TreasureData.release.xcconfig"; path = "Pods/Target Support Files/Pods-Common-TreasureData/Pods-Common-TreasureData.release.xcconfig"; sourceTree = "<group>"; };
		644A82FEB7ABBA6EEE825324 /* Pods-TreasureDataTests.release.xcconfig */ = {isa = PBXFileReference; includeInIndex = 1; lastKnownFileType = text.xcconfig; name = "Pods-TreasureDataTests.release.xcconfig"; path = "Pods/Target Support Files/Pods-TreasureDataTests/Pods-TreasureDataTests.release.xcconfig"; sourceTree = "<group>"; };
		6B351A74194ABF0F001CBAAD /* Deflate.h */ = {isa = PBXFileReference; fileEncoding = 4; lastKnownFileType = sourcecode.c.h; path = Deflate.h; sourceTree = "<group>"; };
		6B351A75194ABF0F001CBAAD /* Deflate.m */ = {isa = PBXFileReference; fileEncoding = 4; lastKnownFileType = sourcecode.c.objc; path = Deflate.m; sourceTree = "<group>"; };
		6B73808E192A09160097D56E /* libTreasureData.a */ = {isa = PBXFileReference; explicitFileType = archive.ar; includeInIndex = 0; path = libTreasureData.a; sourceTree = BUILT_PRODUCTS_DIR; };
		6B738091192A09160097D56E /* Foundation.framework */ = {isa = PBXFileReference; lastKnownFileType = wrapper.framework; name = Foundation.framework; path = System/Library/Frameworks/Foundation.framework; sourceTree = SDKROOT; };
		6B738095192A09160097D56E /* TreasureData-Prefix.pch */ = {isa = PBXFileReference; lastKnownFileType = sourcecode.c.h; path = "TreasureData-Prefix.pch"; sourceTree = "<group>"; };
		6B738096192A09160097D56E /* TreasureData.h */ = {isa = PBXFileReference; lastKnownFileType = sourcecode.c.h; path = TreasureData.h; sourceTree = "<group>"; };
		6B738098192A09160097D56E /* TreasureData.m */ = {isa = PBXFileReference; lastKnownFileType = sourcecode.c.objc; path = TreasureData.m; sourceTree = "<group>"; };
		6B73809E192A09160097D56E /* TreasureDataTests.xctest */ = {isa = PBXFileReference; explicitFileType = wrapper.cfbundle; includeInIndex = 0; path = TreasureDataTests.xctest; sourceTree = BUILT_PRODUCTS_DIR; };
		6B73809F192A09160097D56E /* XCTest.framework */ = {isa = PBXFileReference; lastKnownFileType = wrapper.framework; name = XCTest.framework; path = Library/Frameworks/XCTest.framework; sourceTree = DEVELOPER_DIR; };
		6B7380A2192A09160097D56E /* UIKit.framework */ = {isa = PBXFileReference; lastKnownFileType = wrapper.framework; name = UIKit.framework; path = Library/Frameworks/UIKit.framework; sourceTree = DEVELOPER_DIR; };
		6B7380A9192A09160097D56E /* TreasureDataTests-Info.plist */ = {isa = PBXFileReference; lastKnownFileType = text.plist.xml; path = "TreasureDataTests-Info.plist"; sourceTree = "<group>"; };
		6B7380AB192A09160097D56E /* en */ = {isa = PBXFileReference; lastKnownFileType = text.plist.strings; name = en; path = en.lproj/InfoPlist.strings; sourceTree = "<group>"; };
		6B7380AD192A09160097D56E /* TreasureDataTests.m */ = {isa = PBXFileReference; lastKnownFileType = sourcecode.c.objc; path = TreasureDataTests.m; sourceTree = "<group>"; };
		6BB5A9D21D1A86CD0006A534 /* Session.h */ = {isa = PBXFileReference; lastKnownFileType = sourcecode.c.h; path = Session.h; sourceTree = "<group>"; };
		6BB5A9D31D1A86EE0006A534 /* Session.m */ = {isa = PBXFileReference; fileEncoding = 4; lastKnownFileType = sourcecode.c.objc; path = Session.m; sourceTree = "<group>"; };
		6BB5A9D51D1BBFE60006A534 /* SessionTests.m */ = {isa = PBXFileReference; fileEncoding = 4; lastKnownFileType = sourcecode.c.objc; path = SessionTests.m; sourceTree = "<group>"; };
		6BF8C92C1A3E971D005B1804 /* CoreLocation.framework */ = {isa = PBXFileReference; lastKnownFileType = wrapper.framework; name = CoreLocation.framework; path = System/Library/Frameworks/CoreLocation.framework; sourceTree = SDKROOT; };
		6BF8C92E1A3E972C005B1804 /* Security.framework */ = {isa = PBXFileReference; lastKnownFileType = wrapper.framework; name = Security.framework; path = System/Library/Frameworks/Security.framework; sourceTree = SDKROOT; };
		6BF8C9301A3E977B005B1804 /* libz.dylib */ = {isa = PBXFileReference; lastKnownFileType = "compiled.mach-o.dylib"; name = libz.dylib; path = usr/lib/libz.dylib; sourceTree = SDKROOT; };
		6BF8C9321A3E9B76005B1804 /* TDClient.h */ = {isa = PBXFileReference; fileEncoding = 4; lastKnownFileType = sourcecode.c.h; path = TDClient.h; sourceTree = "<group>"; };
		6BF8C9331A3E9B76005B1804 /* TDClient.m */ = {isa = PBXFileReference; fileEncoding = 4; lastKnownFileType = sourcecode.c.objc; path = TDClient.m; sourceTree = "<group>"; };
		7AAAA06E102D8C6F76B84CC0 /* Pods-TreasureData-TreasureDataTests.release.xcconfig */ = {isa = PBXFileReference; includeInIndex = 1; lastKnownFileType = text.xcconfig; name = "Pods-TreasureData-TreasureDataTests.release.xcconfig"; path = "Pods/Target Support Files/Pods-TreasureData-TreasureDataTests/Pods-TreasureData-TreasureDataTests.release.xcconfig"; sourceTree = "<group>"; };
		8E147DCC7983A7FC2558B0A8 /* Pods-TreasureData.debug.xcconfig */ = {isa = PBXFileReference; includeInIndex = 1; lastKnownFileType = text.xcconfig; name = "Pods-TreasureData.debug.xcconfig"; path = "Pods/Target Support Files/Pods-TreasureData/Pods-TreasureData.debug.xcconfig"; sourceTree = "<group>"; };
		9F0EF4E7CEE8DA4E298326B9 /* Pods-TreasureData.release.xcconfig */ = {isa = PBXFileReference; includeInIndex = 1; lastKnownFileType = text.xcconfig; name = "Pods-TreasureData.release.xcconfig"; path = "Pods/Target Support Files/Pods-TreasureData/Pods-TreasureData.release.xcconfig"; sourceTree = "<group>"; };
		C672A66407ACBC0B49C815A4 /* Pods-TreasureDataTests.debug.xcconfig */ = {isa = PBXFileReference; includeInIndex = 1; lastKnownFileType = text.xcconfig; name = "Pods-TreasureDataTests.debug.xcconfig"; path = "Pods/Target Support Files/Pods-TreasureDataTests/Pods-TreasureDataTests.debug.xcconfig"; sourceTree = "<group>"; };
		D4602B9A0FADB71F2C158763 /* Pods-Common-TreasureDataTests.release.xcconfig */ = {isa = PBXFileReference; includeInIndex = 1; lastKnownFileType = text.xcconfig; name = "Pods-Common-TreasureDataTests.release.xcconfig"; path = "Pods/Target Support Files/Pods-Common-TreasureDataTests/Pods-Common-TreasureDataTests.release.xcconfig"; sourceTree = "<group>"; };
		E0DB92B1F49BBC30A854EB53 /* libPods-TreasureDataTests.a */ = {isa = PBXFileReference; explicitFileType = archive.ar; includeInIndex = 0; path = "libPods-TreasureDataTests.a"; sourceTree = BUILT_PRODUCTS_DIR; };
/* End PBXFileReference section */

/* Begin PBXFrameworksBuildPhase section */
		6B73808B192A09160097D56E /* Frameworks */ = {
			isa = PBXFrameworksBuildPhase;
			buildActionMask = 2147483647;
			files = (
				6B738092192A09160097D56E /* Foundation.framework in Frameworks */,
				EF5A04E746876D639D752AE1 /* libPods-TreasureData.a in Frameworks */,
			);
			runOnlyForDeploymentPostprocessing = 0;
		};
		6B73809B192A09160097D56E /* Frameworks */ = {
			isa = PBXFrameworksBuildPhase;
			buildActionMask = 2147483647;
			files = (
				6BF8C9311A3E977B005B1804 /* libz.dylib in Frameworks */,
				6BF8C92F1A3E972C005B1804 /* Security.framework in Frameworks */,
				6BF8C92D1A3E971D005B1804 /* CoreLocation.framework in Frameworks */,
				6B7380A6192A09160097D56E /* libTreasureData.a in Frameworks */,
				6B7380A0192A09160097D56E /* XCTest.framework in Frameworks */,
				6B7380A3192A09160097D56E /* UIKit.framework in Frameworks */,
				6B7380A1192A09160097D56E /* Foundation.framework in Frameworks */,
				1F68EE6328E24A445D660A51 /* libPods-TreasureDataTests.a in Frameworks */,
			);
			runOnlyForDeploymentPostprocessing = 0;
		};
/* End PBXFrameworksBuildPhase section */

/* Begin PBXGroup section */
		6B738085192A09160097D56E = {
			isa = PBXGroup;
			children = (
				6B738093192A09160097D56E /* TreasureData */,
				6B7380A7192A09160097D56E /* TreasureDataTests */,
				6B738090192A09160097D56E /* Frameworks */,
				6B73808F192A09160097D56E /* Products */,
				81303D87A0647FB407EA911A /* Pods */,
			);
			sourceTree = "<group>";
		};
		6B73808F192A09160097D56E /* Products */ = {
			isa = PBXGroup;
			children = (
				6B73808E192A09160097D56E /* libTreasureData.a */,
				6B73809E192A09160097D56E /* TreasureDataTests.xctest */,
			);
			name = Products;
			sourceTree = "<group>";
		};
		6B738090192A09160097D56E /* Frameworks */ = {
			isa = PBXGroup;
			children = (
				6BF8C9301A3E977B005B1804 /* libz.dylib */,
				6BF8C92E1A3E972C005B1804 /* Security.framework */,
				6BF8C92C1A3E971D005B1804 /* CoreLocation.framework */,
				6B738091192A09160097D56E /* Foundation.framework */,
				6B73809F192A09160097D56E /* XCTest.framework */,
				6B7380A2192A09160097D56E /* UIKit.framework */,
				11FADA7F69E6E148978C0F7C /* libPods-TreasureData.a */,
				E0DB92B1F49BBC30A854EB53 /* libPods-TreasureDataTests.a */,
			);
			name = Frameworks;
			sourceTree = "<group>";
		};
		6B738093192A09160097D56E /* TreasureData */ = {
			isa = PBXGroup;
			children = (
				6B351A74194ABF0F001CBAAD /* Deflate.h */,
				6B351A75194ABF0F001CBAAD /* Deflate.m */,
				6B738096192A09160097D56E /* TreasureData.h */,
				6B738098192A09160097D56E /* TreasureData.m */,
				6B738094192A09160097D56E /* Supporting Files */,
				6BF8C9321A3E9B76005B1804 /* TDClient.h */,
				2053A39B2047F37F0089A959 /* TDUtils.m */,
				2053A39D2047F38B0089A959 /* TDUtils.h */,
				6BF8C9331A3E9B76005B1804 /* TDClient.m */,
				201053E9204858F8009C7EFA /* Constants.h */,
				6BB5A9D21D1A86CD0006A534 /* Session.h */,
				6BB5A9D31D1A86EE0006A534 /* Session.m */,
			);
			path = TreasureData;
			sourceTree = "<group>";
		};
		6B738094192A09160097D56E /* Supporting Files */ = {
			isa = PBXGroup;
			children = (
				6B738095192A09160097D56E /* TreasureData-Prefix.pch */,
			);
			name = "Supporting Files";
			sourceTree = "<group>";
		};
		6B7380A7192A09160097D56E /* TreasureDataTests */ = {
			isa = PBXGroup;
			children = (
				6B7380AD192A09160097D56E /* TreasureDataTests.m */,
				6B7380A8192A09160097D56E /* Supporting Files */,
				6BB5A9D51D1BBFE60006A534 /* SessionTests.m */,
			);
			path = TreasureDataTests;
			sourceTree = "<group>";
		};
		6B7380A8192A09160097D56E /* Supporting Files */ = {
			isa = PBXGroup;
			children = (
				6B7380A9192A09160097D56E /* TreasureDataTests-Info.plist */,
				6B7380AA192A09160097D56E /* InfoPlist.strings */,
			);
			name = "Supporting Files";
			sourceTree = "<group>";
		};
		81303D87A0647FB407EA911A /* Pods */ = {
			isa = PBXGroup;
			children = (
				8E147DCC7983A7FC2558B0A8 /* Pods-TreasureData.debug.xcconfig */,
				9F0EF4E7CEE8DA4E298326B9 /* Pods-TreasureData.release.xcconfig */,
				C672A66407ACBC0B49C815A4 /* Pods-TreasureDataTests.debug.xcconfig */,
				644A82FEB7ABBA6EEE825324 /* Pods-TreasureDataTests.release.xcconfig */,
				27C46146494E527DCE7A92A1 /* Pods-TreasureData-TreasureDataTests.debug.xcconfig */,
				7AAAA06E102D8C6F76B84CC0 /* Pods-TreasureData-TreasureDataTests.release.xcconfig */,
				4D4265C575E11B5930549F10 /* Pods-Common-TreasureData.debug.xcconfig */,
				57CFB8AE9EF047FBDE70DEA8 /* Pods-Common-TreasureData.release.xcconfig */,
				361BA221499EFE17CB2E88D1 /* Pods-Common-TreasureDataTests.debug.xcconfig */,
				D4602B9A0FADB71F2C158763 /* Pods-Common-TreasureDataTests.release.xcconfig */,
			);
			name = Pods;
			sourceTree = "<group>";
		};
/* End PBXGroup section */

/* Begin PBXNativeTarget section */
		6B73808D192A09160097D56E /* TreasureData */ = {
			isa = PBXNativeTarget;
			buildConfigurationList = 6B7380B1192A09160097D56E /* Build configuration list for PBXNativeTarget "TreasureData" */;
			buildPhases = (
				60BA478A76FC90AEF22FE6A4 /* [CP] Check Pods Manifest.lock */,
				6B73808A192A09160097D56E /* Sources */,
				6B73808B192A09160097D56E /* Frameworks */,
				6B73808C192A09160097D56E /* CopyFiles */,
				9EBA1F044C24E6A640CAF055 /* [CP] Copy Pods Resources */,
			);
			buildRules = (
			);
			dependencies = (
			);
			name = TreasureData;
			productName = TreasureData;
			productReference = 6B73808E192A09160097D56E /* libTreasureData.a */;
			productType = "com.apple.product-type.library.static";
		};
		6B73809D192A09160097D56E /* TreasureDataTests */ = {
			isa = PBXNativeTarget;
			buildConfigurationList = 6B7380B4192A09160097D56E /* Build configuration list for PBXNativeTarget "TreasureDataTests" */;
			buildPhases = (
				5F62EAC907F3EEA5C1BAB630 /* [CP] Check Pods Manifest.lock */,
				6B73809A192A09160097D56E /* Sources */,
				6B73809B192A09160097D56E /* Frameworks */,
				6B73809C192A09160097D56E /* Resources */,
				55A58BE0DFF4BC9C1102BCD8 /* [CP] Embed Pods Frameworks */,
				2E8AFDBC88EE236B7A1B972E /* [CP] Copy Pods Resources */,
			);
			buildRules = (
			);
			dependencies = (
				6B7380A5192A09160097D56E /* PBXTargetDependency */,
			);
			name = TreasureDataTests;
			productName = TreasureDataTests;
			productReference = 6B73809E192A09160097D56E /* TreasureDataTests.xctest */;
			productType = "com.apple.product-type.bundle.unit-test";
		};
/* End PBXNativeTarget section */

/* Begin PBXProject section */
		6B738086192A09160097D56E /* Project object */ = {
			isa = PBXProject;
			attributes = {
				LastUpgradeCheck = 0920;
				ORGANIZATIONNAME = "___FULLUSERNAME___";
			};
			buildConfigurationList = 6B738089192A09160097D56E /* Build configuration list for PBXProject "TreasureData" */;
			compatibilityVersion = "Xcode 3.2";
			developmentRegion = English;
			hasScannedForEncodings = 0;
			knownRegions = (
				en,
			);
			mainGroup = 6B738085192A09160097D56E;
			productRefGroup = 6B73808F192A09160097D56E /* Products */;
			projectDirPath = "";
			projectRoot = "";
			targets = (
				6B73808D192A09160097D56E /* TreasureData */,
				6B73809D192A09160097D56E /* TreasureDataTests */,
			);
		};
/* End PBXProject section */

/* Begin PBXResourcesBuildPhase section */
		6B73809C192A09160097D56E /* Resources */ = {
			isa = PBXResourcesBuildPhase;
			buildActionMask = 2147483647;
			files = (
				6B7380AC192A09160097D56E /* InfoPlist.strings in Resources */,
			);
			runOnlyForDeploymentPostprocessing = 0;
		};
/* End PBXResourcesBuildPhase section */

/* Begin PBXShellScriptBuildPhase section */
		2E8AFDBC88EE236B7A1B972E /* [CP] Copy Pods Resources */ = {
			isa = PBXShellScriptBuildPhase;
			buildActionMask = 2147483647;
			files = (
			);
			inputPaths = (
			);
			name = "[CP] Copy Pods Resources";
			outputPaths = (
			);
			runOnlyForDeploymentPostprocessing = 0;
			shellPath = /bin/sh;
			shellScript = "\"${SRCROOT}/Pods/Target Support Files/Pods-TreasureDataTests/Pods-TreasureDataTests-resources.sh\"\n";
			showEnvVarsInLog = 0;
		};
		55A58BE0DFF4BC9C1102BCD8 /* [CP] Embed Pods Frameworks */ = {
			isa = PBXShellScriptBuildPhase;
			buildActionMask = 2147483647;
			files = (
			);
			inputPaths = (
			);
			name = "[CP] Embed Pods Frameworks";
			outputPaths = (
			);
			runOnlyForDeploymentPostprocessing = 0;
			shellPath = /bin/sh;
			shellScript = "\"${SRCROOT}/Pods/Target Support Files/Pods-TreasureDataTests/Pods-TreasureDataTests-frameworks.sh\"\n";
			showEnvVarsInLog = 0;
		};
		5F62EAC907F3EEA5C1BAB630 /* [CP] Check Pods Manifest.lock */ = {
			isa = PBXShellScriptBuildPhase;
			buildActionMask = 2147483647;
			files = (
			);
			inputPaths = (
				"${PODS_PODFILE_DIR_PATH}/Podfile.lock",
				"${PODS_ROOT}/Manifest.lock",
			);
			name = "[CP] Check Pods Manifest.lock";
			outputPaths = (
				"$(DERIVED_FILE_DIR)/Pods-TreasureDataTests-checkManifestLockResult.txt",
			);
			runOnlyForDeploymentPostprocessing = 0;
			shellPath = /bin/sh;
			shellScript = "diff \"${PODS_PODFILE_DIR_PATH}/Podfile.lock\" \"${PODS_ROOT}/Manifest.lock\" > /dev/null\nif [ $? != 0 ] ; then\n    # print error to STDERR\n    echo \"error: The sandbox is not in sync with the Podfile.lock. Run 'pod install' or update your CocoaPods installation.\" >&2\n    exit 1\nfi\n# This output is used by Xcode 'outputs' to avoid re-running this script phase.\necho \"SUCCESS\" > \"${SCRIPT_OUTPUT_FILE_0}\"\n";
			showEnvVarsInLog = 0;
		};
		60BA478A76FC90AEF22FE6A4 /* [CP] Check Pods Manifest.lock */ = {
			isa = PBXShellScriptBuildPhase;
			buildActionMask = 2147483647;
			files = (
			);
			inputPaths = (
				"${PODS_PODFILE_DIR_PATH}/Podfile.lock",
				"${PODS_ROOT}/Manifest.lock",
			);
			name = "[CP] Check Pods Manifest.lock";
			outputPaths = (
				"$(DERIVED_FILE_DIR)/Pods-TreasureData-checkManifestLockResult.txt",
			);
			runOnlyForDeploymentPostprocessing = 0;
			shellPath = /bin/sh;
			shellScript = "diff \"${PODS_PODFILE_DIR_PATH}/Podfile.lock\" \"${PODS_ROOT}/Manifest.lock\" > /dev/null\nif [ $? != 0 ] ; then\n    # print error to STDERR\n    echo \"error: The sandbox is not in sync with the Podfile.lock. Run 'pod install' or update your CocoaPods installation.\" >&2\n    exit 1\nfi\n# This output is used by Xcode 'outputs' to avoid re-running this script phase.\necho \"SUCCESS\" > \"${SCRIPT_OUTPUT_FILE_0}\"\n";
			showEnvVarsInLog = 0;
		};
		9EBA1F044C24E6A640CAF055 /* [CP] Copy Pods Resources */ = {
			isa = PBXShellScriptBuildPhase;
			buildActionMask = 2147483647;
			files = (
			);
			inputPaths = (
			);
			name = "[CP] Copy Pods Resources";
			outputPaths = (
			);
			runOnlyForDeploymentPostprocessing = 0;
			shellPath = /bin/sh;
			shellScript = "\"${SRCROOT}/Pods/Target Support Files/Pods-TreasureData/Pods-TreasureData-resources.sh\"\n";
			showEnvVarsInLog = 0;
		};
/* End PBXShellScriptBuildPhase section */

/* Begin PBXSourcesBuildPhase section */
		6B73808A192A09160097D56E /* Sources */ = {
			isa = PBXSourcesBuildPhase;
			buildActionMask = 2147483647;
			files = (
				6BB5A9D41D1A86EF0006A534 /* Session.m in Sources */,
				6BF8C9341A3E9B76005B1804 /* TDClient.m in Sources */,
				2053A39C2047F37F0089A959 /* TDUtils.m in Sources */,
				6B738099192A09160097D56E /* TreasureData.m in Sources */,
				6B351A76194ABF0F001CBAAD /* Deflate.m in Sources */,
			);
			runOnlyForDeploymentPostprocessing = 0;
		};
		6B73809A192A09160097D56E /* Sources */ = {
			isa = PBXSourcesBuildPhase;
			buildActionMask = 2147483647;
			files = (
				6BB5A9D61D1BBFE60006A534 /* SessionTests.m in Sources */,
				6B7380AE192A09160097D56E /* TreasureDataTests.m in Sources */,
			);
			runOnlyForDeploymentPostprocessing = 0;
		};
/* End PBXSourcesBuildPhase section */

/* Begin PBXTargetDependency section */
		6B7380A5192A09160097D56E /* PBXTargetDependency */ = {
			isa = PBXTargetDependency;
			target = 6B73808D192A09160097D56E /* TreasureData */;
			targetProxy = 6B7380A4192A09160097D56E /* PBXContainerItemProxy */;
		};
/* End PBXTargetDependency section */

/* Begin PBXVariantGroup section */
		6B7380AA192A09160097D56E /* InfoPlist.strings */ = {
			isa = PBXVariantGroup;
			children = (
				6B7380AB192A09160097D56E /* en */,
			);
			name = InfoPlist.strings;
			sourceTree = "<group>";
		};
/* End PBXVariantGroup section */

/* Begin XCBuildConfiguration section */
		6B7380AF192A09160097D56E /* Debug */ = {
			isa = XCBuildConfiguration;
			buildSettings = {
				ALWAYS_SEARCH_USER_PATHS = NO;
				CLANG_CXX_LANGUAGE_STANDARD = "gnu++0x";
				CLANG_CXX_LIBRARY = "libc++";
				CLANG_ENABLE_MODULES = YES;
				CLANG_ENABLE_OBJC_ARC = YES;
				CLANG_UNDEFINED_BEHAVIOR_SANITIZER_NULLABILITY = YES;
				CLANG_WARN_BLOCK_CAPTURE_AUTORELEASING = YES;
				CLANG_WARN_BOOL_CONVERSION = YES;
				CLANG_WARN_COMMA = YES;
				CLANG_WARN_CONSTANT_CONVERSION = YES;
				CLANG_WARN_DIRECT_OBJC_ISA_USAGE = YES_ERROR;
				CLANG_WARN_EMPTY_BODY = YES;
				CLANG_WARN_ENUM_CONVERSION = YES;
				CLANG_WARN_INFINITE_RECURSION = YES;
				CLANG_WARN_INT_CONVERSION = YES;
				CLANG_WARN_NON_LITERAL_NULL_CONVERSION = YES;
				CLANG_WARN_OBJC_LITERAL_CONVERSION = YES;
				CLANG_WARN_OBJC_ROOT_CLASS = YES_ERROR;
				CLANG_WARN_RANGE_LOOP_ANALYSIS = YES;
				CLANG_WARN_STRICT_PROTOTYPES = YES;
				CLANG_WARN_SUSPICIOUS_MOVE = YES;
				CLANG_WARN_UNREACHABLE_CODE = YES;
				CLANG_WARN__DUPLICATE_METHOD_MATCH = YES;
				COPY_PHASE_STRIP = NO;
				ENABLE_STRICT_OBJC_MSGSEND = YES;
				GCC_C_LANGUAGE_STANDARD = gnu99;
				GCC_DYNAMIC_NO_PIC = NO;
				GCC_NO_COMMON_BLOCKS = YES;
				GCC_OPTIMIZATION_LEVEL = 0;
				GCC_PREPROCESSOR_DEFINITIONS = (
					"DEBUG=1",
					"$(inherited)",
				);
				GCC_SYMBOLS_PRIVATE_EXTERN = NO;
				GCC_WARN_64_TO_32_BIT_CONVERSION = YES;
				GCC_WARN_ABOUT_RETURN_TYPE = YES_ERROR;
				GCC_WARN_UNDECLARED_SELECTOR = YES;
				GCC_WARN_UNINITIALIZED_AUTOS = YES_AGGRESSIVE;
				GCC_WARN_UNUSED_FUNCTION = YES;
				GCC_WARN_UNUSED_VARIABLE = YES;
				IPHONEOS_DEPLOYMENT_TARGET = 7.0;
				ONLY_ACTIVE_ARCH = YES;
				SDKROOT = iphoneos;
			};
			name = Debug;
		};
		6B7380B0192A09160097D56E /* Release */ = {
			isa = XCBuildConfiguration;
			buildSettings = {
				ALWAYS_SEARCH_USER_PATHS = NO;
				CLANG_CXX_LANGUAGE_STANDARD = "gnu++0x";
				CLANG_CXX_LIBRARY = "libc++";
				CLANG_ENABLE_MODULES = YES;
				CLANG_ENABLE_OBJC_ARC = YES;
				CLANG_UNDEFINED_BEHAVIOR_SANITIZER_NULLABILITY = YES;
				CLANG_WARN_BLOCK_CAPTURE_AUTORELEASING = YES;
				CLANG_WARN_BOOL_CONVERSION = YES;
				CLANG_WARN_COMMA = YES;
				CLANG_WARN_CONSTANT_CONVERSION = YES;
				CLANG_WARN_DIRECT_OBJC_ISA_USAGE = YES_ERROR;
				CLANG_WARN_EMPTY_BODY = YES;
				CLANG_WARN_ENUM_CONVERSION = YES;
				CLANG_WARN_INFINITE_RECURSION = YES;
				CLANG_WARN_INT_CONVERSION = YES;
				CLANG_WARN_NON_LITERAL_NULL_CONVERSION = YES;
				CLANG_WARN_OBJC_LITERAL_CONVERSION = YES;
				CLANG_WARN_OBJC_ROOT_CLASS = YES_ERROR;
				CLANG_WARN_RANGE_LOOP_ANALYSIS = YES;
				CLANG_WARN_STRICT_PROTOTYPES = YES;
				CLANG_WARN_SUSPICIOUS_MOVE = YES;
				CLANG_WARN_UNREACHABLE_CODE = YES;
				CLANG_WARN__DUPLICATE_METHOD_MATCH = YES;
				COPY_PHASE_STRIP = YES;
				ENABLE_NS_ASSERTIONS = NO;
				ENABLE_STRICT_OBJC_MSGSEND = YES;
				GCC_C_LANGUAGE_STANDARD = gnu99;
				GCC_NO_COMMON_BLOCKS = YES;
				GCC_WARN_64_TO_32_BIT_CONVERSION = YES;
				GCC_WARN_ABOUT_RETURN_TYPE = YES_ERROR;
				GCC_WARN_UNDECLARED_SELECTOR = YES;
				GCC_WARN_UNINITIALIZED_AUTOS = YES_AGGRESSIVE;
				GCC_WARN_UNUSED_FUNCTION = YES;
				GCC_WARN_UNUSED_VARIABLE = YES;
				IPHONEOS_DEPLOYMENT_TARGET = 7.0;
				SDKROOT = iphoneos;
				VALIDATE_PRODUCT = YES;
			};
			name = Release;
		};
		6B7380B2192A09160097D56E /* Debug */ = {
			isa = XCBuildConfiguration;
			baseConfigurationReference = 8E147DCC7983A7FC2558B0A8 /* Pods-TreasureData.debug.xcconfig */;
			buildSettings = {
				CLANG_ENABLE_MODULES = YES;
				DSTROOT = /tmp/TreasureData.dst;
				GCC_PRECOMPILE_PREFIX_HEADER = YES;
				GCC_PREFIX_HEADER = "TreasureData/TreasureData-Prefix.pch";
				HEADER_SEARCH_PATHS = "$(inherited)/**";
				IPHONEOS_DEPLOYMENT_TARGET = 7.0;
				OTHER_CFLAGS = "$(inherited)";
				OTHER_LDFLAGS = "$(inherited)";
				PODS_ROOT = "$(inherited)";
				PRODUCT_NAME = "$(TARGET_NAME)";
				SKIP_INSTALL = YES;
				"USER_HEADER_SEARCH_PATHS[arch=*]" = "${SOURCE_ROOT}/Headers/**";
			};
			name = Debug;
		};
		6B7380B3192A09160097D56E /* Release */ = {
			isa = XCBuildConfiguration;
			baseConfigurationReference = 9F0EF4E7CEE8DA4E298326B9 /* Pods-TreasureData.release.xcconfig */;
			buildSettings = {
				CLANG_ENABLE_MODULES = YES;
				DSTROOT = /tmp/TreasureData.dst;
				GCC_PRECOMPILE_PREFIX_HEADER = YES;
				GCC_PREFIX_HEADER = "TreasureData/TreasureData-Prefix.pch";
				HEADER_SEARCH_PATHS = "$(inherited)/**";
				IPHONEOS_DEPLOYMENT_TARGET = 7.0;
				OTHER_CFLAGS = "$(inherited)";
				OTHER_LDFLAGS = "$(inherited)";
				PODS_ROOT = "$(inherited)";
				PRODUCT_NAME = "$(TARGET_NAME)";
				SKIP_INSTALL = YES;
				"USER_HEADER_SEARCH_PATHS[arch=*]" = "${SOURCE_ROOT}/Headers/**";
			};
			name = Release;
		};
		6B7380B5192A09160097D56E /* Debug */ = {
			isa = XCBuildConfiguration;
			baseConfigurationReference = C672A66407ACBC0B49C815A4 /* Pods-TreasureDataTests.debug.xcconfig */;
			buildSettings = {
				FRAMEWORK_SEARCH_PATHS = (
					"$(SDKROOT)/Developer/Library/Frameworks",
					"$(inherited)",
					"$(DEVELOPER_FRAMEWORKS_DIR)",
				);
				GCC_PRECOMPILE_PREFIX_HEADER = YES;
				GCC_PREFIX_HEADER = "TreasureData/TreasureData-Prefix.pch";
				GCC_PREPROCESSOR_DEFINITIONS = (
					"DEBUG=1",
					"$(inherited)",
				);
				INFOPLIST_FILE = "TreasureDataTests/TreasureDataTests-Info.plist";
				IPHONEOS_DEPLOYMENT_TARGET = 8.0;
				OTHER_LDFLAGS = "$(inherited)";
				PRODUCT_NAME = "$(TARGET_NAME)";
				WRAPPER_EXTENSION = xctest;
			};
			name = Debug;
		};
		6B7380B6192A09160097D56E /* Release */ = {
			isa = XCBuildConfiguration;
			baseConfigurationReference = 644A82FEB7ABBA6EEE825324 /* Pods-TreasureDataTests.release.xcconfig */;
			buildSettings = {
				FRAMEWORK_SEARCH_PATHS = (
					"$(SDKROOT)/Developer/Library/Frameworks",
					"$(inherited)",
					"$(DEVELOPER_FRAMEWORKS_DIR)",
				);
				GCC_PRECOMPILE_PREFIX_HEADER = YES;
				GCC_PREFIX_HEADER = "TreasureData/TreasureData-Prefix.pch";
				INFOPLIST_FILE = "TreasureDataTests/TreasureDataTests-Info.plist";
				IPHONEOS_DEPLOYMENT_TARGET = 8.0;
				OTHER_LDFLAGS = "$(inherited)";
				PRODUCT_NAME = "$(TARGET_NAME)";
				WRAPPER_EXTENSION = xctest;
			};
			name = Release;
		};
/* End XCBuildConfiguration section */

/* Begin XCConfigurationList section */
		6B738089192A09160097D56E /* Build configuration list for PBXProject "TreasureData" */ = {
			isa = XCConfigurationList;
			buildConfigurations = (
				6B7380AF192A09160097D56E /* Debug */,
				6B7380B0192A09160097D56E /* Release */,
			);
			defaultConfigurationIsVisible = 0;
			defaultConfigurationName = Release;
		};
		6B7380B1192A09160097D56E /* Build configuration list for PBXNativeTarget "TreasureData" */ = {
			isa = XCConfigurationList;
			buildConfigurations = (
				6B7380B2192A09160097D56E /* Debug */,
				6B7380B3192A09160097D56E /* Release */,
			);
			defaultConfigurationIsVisible = 0;
			defaultConfigurationName = Release;
		};
		6B7380B4192A09160097D56E /* Build configuration list for PBXNativeTarget "TreasureDataTests" */ = {
			isa = XCConfigurationList;
			buildConfigurations = (
				6B7380B5192A09160097D56E /* Debug */,
				6B7380B6192A09160097D56E /* Release */,
			);
			defaultConfigurationIsVisible = 0;
			defaultConfigurationName = Release;
		};
/* End XCConfigurationList section */
	};
	rootObject = 6B738086192A09160097D56E /* Project object */;
}
