// !$*UTF8*$!
{
	archiveVersion = 1;
	classes = {
	};
	objectVersion = 46;
	objects = {

/* Begin PBXBuildFile section */
		6B351A76194ABF0F001CBAAD /* Deflate.m in Sources */ = {isa = PBXBuildFile; fileRef = 6B351A75194ABF0F001CBAAD /* Deflate.m */; };
		6B738092192A09160097D56E /* Foundation.framework in Frameworks */ = {isa = PBXBuildFile; fileRef = 6B738091192A09160097D56E /* Foundation.framework */; };
		6B738097192A09160097D56E /* TreasureData.h in CopyFiles */ = {isa = PBXBuildFile; fileRef = 6B738096192A09160097D56E /* TreasureData.h */; };
		6B738099192A09160097D56E /* TreasureData.m in Sources */ = {isa = PBXBuildFile; fileRef = 6B738098192A09160097D56E /* TreasureData.m */; };
		6B7380A0192A09160097D56E /* XCTest.framework in Frameworks */ = {isa = PBXBuildFile; fileRef = 6B73809F192A09160097D56E /* XCTest.framework */; };
		6B7380A1192A09160097D56E /* Foundation.framework in Frameworks */ = {isa = PBXBuildFile; fileRef = 6B738091192A09160097D56E /* Foundation.framework */; };
		6B7380A3192A09160097D56E /* UIKit.framework in Frameworks */ = {isa = PBXBuildFile; fileRef = 6B7380A2192A09160097D56E /* UIKit.framework */; };
		6B7380A6192A09160097D56E /* libTreasureData.a in Frameworks */ = {isa = PBXBuildFile; fileRef = 6B73808E192A09160097D56E /* libTreasureData.a */; };
		6B7380AC192A09160097D56E /* InfoPlist.strings in Resources */ = {isa = PBXBuildFile; fileRef = 6B7380AA192A09160097D56E /* InfoPlist.strings */; };
		6B7380AE192A09160097D56E /* TreasureDataTests.m in Sources */ = {isa = PBXBuildFile; fileRef = 6B7380AD192A09160097D56E /* TreasureDataTests.m */; };
		6B758E4E1C00C59A00D597F8 /* TDClient.h in CopyFiles */ = {isa = PBXBuildFile; fileRef = 6BF8C9321A3E9B76005B1804 /* TDClient.h */; };
		6BF8C92D1A3E971D005B1804 /* CoreLocation.framework in Frameworks */ = {isa = PBXBuildFile; fileRef = 6BF8C92C1A3E971D005B1804 /* CoreLocation.framework */; };
		6BF8C92F1A3E972C005B1804 /* Security.framework in Frameworks */ = {isa = PBXBuildFile; fileRef = 6BF8C92E1A3E972C005B1804 /* Security.framework */; };
		6BF8C9311A3E977B005B1804 /* libz.dylib in Frameworks */ = {isa = PBXBuildFile; fileRef = 6BF8C9301A3E977B005B1804 /* libz.dylib */; };
		6BF8C9341A3E9B76005B1804 /* TDClient.m in Sources */ = {isa = PBXBuildFile; fileRef = 6BF8C9331A3E9B76005B1804 /* TDClient.m */; };
		D50EC3D45E854BECA06CCD7C /* libPods.a in Frameworks */ = {isa = PBXBuildFile; fileRef = 206C1F02227B450EA0AF6E54 /* libPods.a */; };
/* End PBXBuildFile section */

/* Begin PBXContainerItemProxy section */
		6B7380A4192A09160097D56E /* PBXContainerItemProxy */ = {
			isa = PBXContainerItemProxy;
			containerPortal = 6B738086192A09160097D56E /* Project object */;
			proxyType = 1;
			remoteGlobalIDString = 6B73808D192A09160097D56E;
			remoteInfo = TreasureData;
		};
/* End PBXContainerItemProxy section */

/* Begin PBXCopyFilesBuildPhase section */
		6B73808C192A09160097D56E /* CopyFiles */ = {
			isa = PBXCopyFilesBuildPhase;
			buildActionMask = 2147483647;
			dstPath = "include/$(PRODUCT_NAME)";
			dstSubfolderSpec = 16;
			files = (
				6B758E4E1C00C59A00D597F8 /* TDClient.h in CopyFiles */,
				6B738097192A09160097D56E /* TreasureData.h in CopyFiles */,
			);
			runOnlyForDeploymentPostprocessing = 0;
		};
/* End PBXCopyFilesBuildPhase section */

/* Begin PBXFileReference section */
		206C1F02227B450EA0AF6E54 /* libPods.a */ = {isa = PBXFileReference; explicitFileType = archive.ar; includeInIndex = 0; path = libPods.a; sourceTree = BUILT_PRODUCTS_DIR; };
		6B351A74194ABF0F001CBAAD /* Deflate.h */ = {isa = PBXFileReference; fileEncoding = 4; lastKnownFileType = sourcecode.c.h; path = Deflate.h; sourceTree = "<group>"; };
		6B351A75194ABF0F001CBAAD /* Deflate.m */ = {isa = PBXFileReference; fileEncoding = 4; lastKnownFileType = sourcecode.c.objc; path = Deflate.m; sourceTree = "<group>"; };
		6B73808E192A09160097D56E /* libTreasureData.a */ = {isa = PBXFileReference; explicitFileType = archive.ar; includeInIndex = 0; path = libTreasureData.a; sourceTree = BUILT_PRODUCTS_DIR; };
		6B738091192A09160097D56E /* Foundation.framework */ = {isa = PBXFileReference; lastKnownFileType = wrapper.framework; name = Foundation.framework; path = System/Library/Frameworks/Foundation.framework; sourceTree = SDKROOT; };
		6B738095192A09160097D56E /* TreasureData-Prefix.pch */ = {isa = PBXFileReference; lastKnownFileType = sourcecode.c.h; path = "TreasureData-Prefix.pch"; sourceTree = "<group>"; };
		6B738096192A09160097D56E /* TreasureData.h */ = {isa = PBXFileReference; lastKnownFileType = sourcecode.c.h; path = TreasureData.h; sourceTree = "<group>"; };
		6B738098192A09160097D56E /* TreasureData.m */ = {isa = PBXFileReference; lastKnownFileType = sourcecode.c.objc; path = TreasureData.m; sourceTree = "<group>"; };
		6B73809E192A09160097D56E /* TreasureDataTests.xctest */ = {isa = PBXFileReference; explicitFileType = wrapper.cfbundle; includeInIndex = 0; path = TreasureDataTests.xctest; sourceTree = BUILT_PRODUCTS_DIR; };
		6B73809F192A09160097D56E /* XCTest.framework */ = {isa = PBXFileReference; lastKnownFileType = wrapper.framework; name = XCTest.framework; path = Library/Frameworks/XCTest.framework; sourceTree = DEVELOPER_DIR; };
		6B7380A2192A09160097D56E /* UIKit.framework */ = {isa = PBXFileReference; lastKnownFileType = wrapper.framework; name = UIKit.framework; path = Library/Frameworks/UIKit.framework; sourceTree = DEVELOPER_DIR; };
		6B7380A9192A09160097D56E /* TreasureDataTests-Info.plist */ = {isa = PBXFileReference; lastKnownFileType = text.plist.xml; path = "TreasureDataTests-Info.plist"; sourceTree = "<group>"; };
		6B7380AB192A09160097D56E /* en */ = {isa = PBXFileReference; lastKnownFileType = text.plist.strings; name = en; path = en.lproj/InfoPlist.strings; sourceTree = "<group>"; };
		6B7380AD192A09160097D56E /* TreasureDataTests.m */ = {isa = PBXFileReference; lastKnownFileType = sourcecode.c.objc; path = TreasureDataTests.m; sourceTree = "<group>"; };
		6BF8C92C1A3E971D005B1804 /* CoreLocation.framework */ = {isa = PBXFileReference; lastKnownFileType = wrapper.framework; name = CoreLocation.framework; path = System/Library/Frameworks/CoreLocation.framework; sourceTree = SDKROOT; };
		6BF8C92E1A3E972C005B1804 /* Security.framework */ = {isa = PBXFileReference; lastKnownFileType = wrapper.framework; name = Security.framework; path = System/Library/Frameworks/Security.framework; sourceTree = SDKROOT; };
		6BF8C9301A3E977B005B1804 /* libz.dylib */ = {isa = PBXFileReference; lastKnownFileType = "compiled.mach-o.dylib"; name = libz.dylib; path = usr/lib/libz.dylib; sourceTree = SDKROOT; };
		6BF8C9321A3E9B76005B1804 /* TDClient.h */ = {isa = PBXFileReference; fileEncoding = 4; lastKnownFileType = sourcecode.c.h; path = TDClient.h; sourceTree = "<group>"; };
		6BF8C9331A3E9B76005B1804 /* TDClient.m */ = {isa = PBXFileReference; fileEncoding = 4; lastKnownFileType = sourcecode.c.objc; path = TDClient.m; sourceTree = "<group>"; };
		D7703DBACAC24041D3C2FAA2 /* Pods.release.xcconfig */ = {isa = PBXFileReference; includeInIndex = 1; lastKnownFileType = text.xcconfig; name = Pods.release.xcconfig; path = "Pods/Target Support Files/Pods/Pods.release.xcconfig"; sourceTree = "<group>"; };
		DA1A4142BC8193FCBB929397 /* Pods.debug.xcconfig */ = {isa = PBXFileReference; includeInIndex = 1; lastKnownFileType = text.xcconfig; name = Pods.debug.xcconfig; path = "Pods/Target Support Files/Pods/Pods.debug.xcconfig"; sourceTree = "<group>"; };
/* End PBXFileReference section */

/* Begin PBXFrameworksBuildPhase section */
		6B73808B192A09160097D56E /* Frameworks */ = {
			isa = PBXFrameworksBuildPhase;
			buildActionMask = 2147483647;
			files = (
				6B738092192A09160097D56E /* Foundation.framework in Frameworks */,
				D50EC3D45E854BECA06CCD7C /* libPods.a in Frameworks */,
			);
			runOnlyForDeploymentPostprocessing = 0;
		};
		6B73809B192A09160097D56E /* Frameworks */ = {
			isa = PBXFrameworksBuildPhase;
			buildActionMask = 2147483647;
			files = (
				6BF8C9311A3E977B005B1804 /* libz.dylib in Frameworks */,
				6BF8C92F1A3E972C005B1804 /* Security.framework in Frameworks */,
				6BF8C92D1A3E971D005B1804 /* CoreLocation.framework in Frameworks */,
				6B7380A6192A09160097D56E /* libTreasureData.a in Frameworks */,
				6B7380A0192A09160097D56E /* XCTest.framework in Frameworks */,
				6B7380A3192A09160097D56E /* UIKit.framework in Frameworks */,
				6B7380A1192A09160097D56E /* Foundation.framework in Frameworks */,
			);
			runOnlyForDeploymentPostprocessing = 0;
		};
/* End PBXFrameworksBuildPhase section */

/* Begin PBXGroup section */
		6B738085192A09160097D56E = {
			isa = PBXGroup;
			children = (
				6B738093192A09160097D56E /* TreasureData */,
				6B7380A7192A09160097D56E /* TreasureDataTests */,
				6B738090192A09160097D56E /* Frameworks */,
				6B73808F192A09160097D56E /* Products */,
				FC669D005E6AAD79F6207CC2 /* Pods */,
			);
			sourceTree = "<group>";
		};
		6B73808F192A09160097D56E /* Products */ = {
			isa = PBXGroup;
			children = (
				6B73808E192A09160097D56E /* libTreasureData.a */,
				6B73809E192A09160097D56E /* TreasureDataTests.xctest */,
			);
			name = Products;
			sourceTree = "<group>";
		};
		6B738090192A09160097D56E /* Frameworks */ = {
			isa = PBXGroup;
			children = (
				6BF8C9301A3E977B005B1804 /* libz.dylib */,
				6BF8C92E1A3E972C005B1804 /* Security.framework */,
				6BF8C92C1A3E971D005B1804 /* CoreLocation.framework */,
				6B738091192A09160097D56E /* Foundation.framework */,
				6B73809F192A09160097D56E /* XCTest.framework */,
				6B7380A2192A09160097D56E /* UIKit.framework */,
				206C1F02227B450EA0AF6E54 /* libPods.a */,
			);
			name = Frameworks;
			sourceTree = "<group>";
		};
		6B738093192A09160097D56E /* TreasureData */ = {
			isa = PBXGroup;
			children = (
				6B351A74194ABF0F001CBAAD /* Deflate.h */,
				6B351A75194ABF0F001CBAAD /* Deflate.m */,
				6B738096192A09160097D56E /* TreasureData.h */,
				6B738098192A09160097D56E /* TreasureData.m */,
				6B738094192A09160097D56E /* Supporting Files */,
				6BF8C9321A3E9B76005B1804 /* TDClient.h */,
				6BF8C9331A3E9B76005B1804 /* TDClient.m */,
			);
			path = TreasureData;
			sourceTree = "<group>";
		};
		6B738094192A09160097D56E /* Supporting Files */ = {
			isa = PBXGroup;
			children = (
				6B738095192A09160097D56E /* TreasureData-Prefix.pch */,
			);
			name = "Supporting Files";
			sourceTree = "<group>";
		};
		6B7380A7192A09160097D56E /* TreasureDataTests */ = {
			isa = PBXGroup;
			children = (
				6B7380AD192A09160097D56E /* TreasureDataTests.m */,
				6B7380A8192A09160097D56E /* Supporting Files */,
			);
			path = TreasureDataTests;
			sourceTree = "<group>";
		};
		6B7380A8192A09160097D56E /* Supporting Files */ = {
			isa = PBXGroup;
			children = (
				6B7380A9192A09160097D56E /* TreasureDataTests-Info.plist */,
				6B7380AA192A09160097D56E /* InfoPlist.strings */,
			);
			name = "Supporting Files";
			sourceTree = "<group>";
		};
		FC669D005E6AAD79F6207CC2 /* Pods */ = {
			isa = PBXGroup;
			children = (
				DA1A4142BC8193FCBB929397 /* Pods.debug.xcconfig */,
				D7703DBACAC24041D3C2FAA2 /* Pods.release.xcconfig */,
			);
			name = Pods;
			sourceTree = "<group>";
		};
/* End PBXGroup section */

/* Begin PBXNativeTarget section */
		6B73808D192A09160097D56E /* TreasureData */ = {
			isa = PBXNativeTarget;
			buildConfigurationList = 6B7380B1192A09160097D56E /* Build configuration list for PBXNativeTarget "TreasureData" */;
			buildPhases = (
				E73E59E45A674C79BF007F49 /* Check Pods Manifest.lock */,
				6B73808A192A09160097D56E /* Sources */,
				6B73808B192A09160097D56E /* Frameworks */,
				6B73808C192A09160097D56E /* CopyFiles */,
				1212A622E6FD49DE9CF4D90A /* Copy Pods Resources */,
			);
			buildRules = (
			);
			dependencies = (
			);
			name = TreasureData;
			productName = TreasureData;
			productReference = 6B73808E192A09160097D56E /* libTreasureData.a */;
			productType = "com.apple.product-type.library.static";
		};
		6B73809D192A09160097D56E /* TreasureDataTests */ = {
			isa = PBXNativeTarget;
			buildConfigurationList = 6B7380B4192A09160097D56E /* Build configuration list for PBXNativeTarget "TreasureDataTests" */;
			buildPhases = (
				6B73809A192A09160097D56E /* Sources */,
				6B73809B192A09160097D56E /* Frameworks */,
				6B73809C192A09160097D56E /* Resources */,
			);
			buildRules = (
			);
			dependencies = (
				6B7380A5192A09160097D56E /* PBXTargetDependency */,
			);
			name = TreasureDataTests;
			productName = TreasureDataTests;
			productReference = 6B73809E192A09160097D56E /* TreasureDataTests.xctest */;
			productType = "com.apple.product-type.bundle.unit-test";
		};
/* End PBXNativeTarget section */

/* Begin PBXProject section */
		6B738086192A09160097D56E /* Project object */ = {
			isa = PBXProject;
			attributes = {
				LastUpgradeCheck = 0510;
				ORGANIZATIONNAME = "___FULLUSERNAME___";
			};
			buildConfigurationList = 6B738089192A09160097D56E /* Build configuration list for PBXProject "TreasureData" */;
			compatibilityVersion = "Xcode 3.2";
			developmentRegion = English;
			hasScannedForEncodings = 0;
			knownRegions = (
				en,
			);
			mainGroup = 6B738085192A09160097D56E;
			productRefGroup = 6B73808F192A09160097D56E /* Products */;
			projectDirPath = "";
			projectRoot = "";
			targets = (
				6B73808D192A09160097D56E /* TreasureData */,
				6B73809D192A09160097D56E /* TreasureDataTests */,
			);
		};
/* End PBXProject section */

/* Begin PBXResourcesBuildPhase section */
		6B73809C192A09160097D56E /* Resources */ = {
			isa = PBXResourcesBuildPhase;
			buildActionMask = 2147483647;
			files = (
				6B7380AC192A09160097D56E /* InfoPlist.strings in Resources */,
			);
			runOnlyForDeploymentPostprocessing = 0;
		};
/* End PBXResourcesBuildPhase section */

/* Begin PBXShellScriptBuildPhase section */
		1212A622E6FD49DE9CF4D90A /* Copy Pods Resources */ = {
			isa = PBXShellScriptBuildPhase;
			buildActionMask = 2147483647;
			files = (
			);
			inputPaths = (
			);
			name = "Copy Pods Resources";
			outputPaths = (
			);
			runOnlyForDeploymentPostprocessing = 0;
			shellPath = /bin/sh;
			shellScript = "\"${SRCROOT}/Pods/Target Support Files/Pods/Pods-resources.sh\"\n";
			showEnvVarsInLog = 0;
		};
		E73E59E45A674C79BF007F49 /* Check Pods Manifest.lock */ = {
			isa = PBXShellScriptBuildPhase;
			buildActionMask = 2147483647;
			files = (
			);
			inputPaths = (
			);
			name = "Check Pods Manifest.lock";
			outputPaths = (
			);
			runOnlyForDeploymentPostprocessing = 0;
			shellPath = /bin/sh;
			shellScript = "diff \"${PODS_ROOT}/../Podfile.lock\" \"${PODS_ROOT}/Manifest.lock\" > /dev/null\nif [[ $? != 0 ]] ; then\n    cat << EOM\nerror: The sandbox is not in sync with the Podfile.lock. Run 'pod install' or update your CocoaPods installation.\nEOM\n    exit 1\nfi\n";
			showEnvVarsInLog = 0;
		};
/* End PBXShellScriptBuildPhase section */

/* Begin PBXSourcesBuildPhase section */
		6B73808A192A09160097D56E /* Sources */ = {
			isa = PBXSourcesBuildPhase;
			buildActionMask = 2147483647;
			files = (
				6BF8C9341A3E9B76005B1804 /* TDClient.m in Sources */,
				6B738099192A09160097D56E /* TreasureData.m in Sources */,
				6B351A76194ABF0F001CBAAD /* Deflate.m in Sources */,
			);
			runOnlyForDeploymentPostprocessing = 0;
		};
		6B73809A192A09160097D56E /* Sources */ = {
			isa = PBXSourcesBuildPhase;
			buildActionMask = 2147483647;
			files = (
				6B7380AE192A09160097D56E /* TreasureDataTests.m in Sources */,
			);
			runOnlyForDeploymentPostprocessing = 0;
		};
/* End PBXSourcesBuildPhase section */

/* Begin PBXTargetDependency section */
		6B7380A5192A09160097D56E /* PBXTargetDependency */ = {
			isa = PBXTargetDependency;
			target = 6B73808D192A09160097D56E /* TreasureData */;
			targetProxy = 6B7380A4192A09160097D56E /* PBXContainerItemProxy */;
		};
/* End PBXTargetDependency section */

/* Begin PBXVariantGroup section */
		6B7380AA192A09160097D56E /* InfoPlist.strings */ = {
			isa = PBXVariantGroup;
			children = (
				6B7380AB192A09160097D56E /* en */,
			);
			name = InfoPlist.strings;
			sourceTree = "<group>";
		};
/* End PBXVariantGroup section */

/* Begin XCBuildConfiguration section */
		6B7380AF192A09160097D56E /* Debug */ = {
			isa = XCBuildConfiguration;
			buildSettings = {
				ALWAYS_SEARCH_USER_PATHS = NO;
				CLANG_CXX_LANGUAGE_STANDARD = "gnu++0x";
				CLANG_CXX_LIBRARY = "libc++";
				CLANG_ENABLE_MODULES = YES;
				CLANG_ENABLE_OBJC_ARC = YES;
				CLANG_WARN_BOOL_CONVERSION = YES;
				CLANG_WARN_CONSTANT_CONVERSION = YES;
				CLANG_WARN_DIRECT_OBJC_ISA_USAGE = YES_ERROR;
				CLANG_WARN_EMPTY_BODY = YES;
				CLANG_WARN_ENUM_CONVERSION = YES;
				CLANG_WARN_INT_CONVERSION = YES;
				CLANG_WARN_OBJC_ROOT_CLASS = YES_ERROR;
				CLANG_WARN__DUPLICATE_METHOD_MATCH = YES;
				COPY_PHASE_STRIP = NO;
				GCC_C_LANGUAGE_STANDARD = gnu99;
				GCC_DYNAMIC_NO_PIC = NO;
				GCC_OPTIMIZATION_LEVEL = 0;
				GCC_PREPROCESSOR_DEFINITIONS = (
					"DEBUG=1",
					"$(inherited)",
				);
				GCC_SYMBOLS_PRIVATE_EXTERN = NO;
				GCC_WARN_64_TO_32_BIT_CONVERSION = YES;
				GCC_WARN_ABOUT_RETURN_TYPE = YES_ERROR;
				GCC_WARN_UNDECLARED_SELECTOR = YES;
				GCC_WARN_UNINITIALIZED_AUTOS = YES_AGGRESSIVE;
				GCC_WARN_UNUSED_FUNCTION = YES;
				GCC_WARN_UNUSED_VARIABLE = YES;
				IPHONEOS_DEPLOYMENT_TARGET = 7.1;
				ONLY_ACTIVE_ARCH = YES;
				SDKROOT = iphoneos;
			};
			name = Debug;
		};
		6B7380B0192A09160097D56E /* Release */ = {
			isa = XCBuildConfiguration;
			buildSettings = {
				ALWAYS_SEARCH_USER_PATHS = NO;
				CLANG_CXX_LANGUAGE_STANDARD = "gnu++0x";
				CLANG_CXX_LIBRARY = "libc++";
				CLANG_ENABLE_MODULES = YES;
				CLANG_ENABLE_OBJC_ARC = YES;
				CLANG_WARN_BOOL_CONVERSION = YES;
				CLANG_WARN_CONSTANT_CONVERSION = YES;
				CLANG_WARN_DIRECT_OBJC_ISA_USAGE = YES_ERROR;
				CLANG_WARN_EMPTY_BODY = YES;
				CLANG_WARN_ENUM_CONVERSION = YES;
				CLANG_WARN_INT_CONVERSION = YES;
				CLANG_WARN_OBJC_ROOT_CLASS = YES_ERROR;
				CLANG_WARN__DUPLICATE_METHOD_MATCH = YES;
				COPY_PHASE_STRIP = YES;
				ENABLE_NS_ASSERTIONS = NO;
				GCC_C_LANGUAGE_STANDARD = gnu99;
				GCC_WARN_64_TO_32_BIT_CONVERSION = YES;
				GCC_WARN_ABOUT_RETURN_TYPE = YES_ERROR;
				GCC_WARN_UNDECLARED_SELECTOR = YES;
				GCC_WARN_UNINITIALIZED_AUTOS = YES_AGGRESSIVE;
				GCC_WARN_UNUSED_FUNCTION = YES;
				GCC_WARN_UNUSED_VARIABLE = YES;
				IPHONEOS_DEPLOYMENT_TARGET = 7.1;
				SDKROOT = iphoneos;
				VALIDATE_PRODUCT = YES;
			};
			name = Release;
		};
		6B7380B2192A09160097D56E /* Debug */ = {
			isa = XCBuildConfiguration;
			baseConfigurationReference = DA1A4142BC8193FCBB929397 /* Pods.debug.xcconfig */;
			buildSettings = {
				DSTROOT = /tmp/TreasureData.dst;
				GCC_PRECOMPILE_PREFIX_HEADER = YES;
				GCC_PREFIX_HEADER = "TreasureData/TreasureData-Prefix.pch";
				HEADER_SEARCH_PATHS = "$(inherited)/**";
				IPHONEOS_DEPLOYMENT_TARGET = 5.1;
				OTHER_CFLAGS = "$(inherited)";
				OTHER_LDFLAGS = "$(inherited)";
				PODS_ROOT = "$(inherited)";
				PRODUCT_NAME = "$(TARGET_NAME)";
				SKIP_INSTALL = YES;
				"USER_HEADER_SEARCH_PATHS[arch=*]" = "${SOURCE_ROOT}/Headers/**";
			};
			name = Debug;
		};
		6B7380B3192A09160097D56E /* Release */ = {
			isa = XCBuildConfiguration;
			baseConfigurationReference = D7703DBACAC24041D3C2FAA2 /* Pods.release.xcconfig */;
			buildSettings = {
				DSTROOT = /tmp/TreasureData.dst;
				GCC_PRECOMPILE_PREFIX_HEADER = YES;
				GCC_PREFIX_HEADER = "TreasureData/TreasureData-Prefix.pch";
				HEADER_SEARCH_PATHS = "$(inherited)/**";
				IPHONEOS_DEPLOYMENT_TARGET = 5.1;
				OTHER_CFLAGS = "$(inherited)";
				OTHER_LDFLAGS = "$(inherited)";
				PODS_ROOT = "$(inherited)";
				PRODUCT_NAME = "$(TARGET_NAME)";
				SKIP_INSTALL = YES;
				"USER_HEADER_SEARCH_PATHS[arch=*]" = "${SOURCE_ROOT}/Headers/**";
			};
			name = Release;
		};
		6B7380B5192A09160097D56E /* Debug */ = {
			isa = XCBuildConfiguration;
			baseConfigurationReference = DA1A4142BC8193FCBB929397 /* Pods.debug.xcconfig */;
			buildSettings = {
				FRAMEWORK_SEARCH_PATHS = (
					"$(SDKROOT)/Developer/Library/Frameworks",
					"$(inherited)",
					"$(DEVELOPER_FRAMEWORKS_DIR)",
				);
				GCC_PRECOMPILE_PREFIX_HEADER = YES;
				GCC_PREFIX_HEADER = "TreasureData/TreasureData-Prefix.pch";
				GCC_PREPROCESSOR_DEFINITIONS = (
					"DEBUG=1",
					"$(inherited)",
				);
				INFOPLIST_FILE = "TreasureDataTests/TreasureDataTests-Info.plist";
				OTHER_LDFLAGS = (
					"-ObjC",
					"-framework",
					"\"CoreLocation\"",
				);
				PRODUCT_NAME = "$(TARGET_NAME)";
				WRAPPER_EXTENSION = xctest;
			};
			name = Debug;
		};
		6B7380B6192A09160097D56E /* Release */ = {
			isa = XCBuildConfiguration;
			buildSettings = {
				FRAMEWORK_SEARCH_PATHS = (
					"$(SDKROOT)/Developer/Library/Frameworks",
					"$(inherited)",
					"$(DEVELOPER_FRAMEWORKS_DIR)",
				);
				GCC_PRECOMPILE_PREFIX_HEADER = YES;
				GCC_PREFIX_HEADER = "TreasureData/TreasureData-Prefix.pch";
				INFOPLIST_FILE = "TreasureDataTests/TreasureDataTests-Info.plist";
				PRODUCT_NAME = "$(TARGET_NAME)";
				WRAPPER_EXTENSION = xctest;
			};
			name = Release;
		};
/* End XCBuildConfiguration section */

/* Begin XCConfigurationList section */
		6B738089192A09160097D56E /* Build configuration list for PBXProject "TreasureData" */ = {
			isa = XCConfigurationList;
			buildConfigurations = (
				6B7380AF192A09160097D56E /* Debug */,
				6B7380B0192A09160097D56E /* Release */,
			);
			defaultConfigurationIsVisible = 0;
			defaultConfigurationName = Release;
		};
		6B7380B1192A09160097D56E /* Build configuration list for PBXNativeTarget "TreasureData" */ = {
			isa = XCConfigurationList;
			buildConfigurations = (
				6B7380B2192A09160097D56E /* Debug */,
				6B7380B3192A09160097D56E /* Release */,
			);
			defaultConfigurationIsVisible = 0;
			defaultConfigurationName = Release;
		};
		6B7380B4192A09160097D56E /* Build configuration list for PBXNativeTarget "TreasureDataTests" */ = {
			isa = XCConfigurationList;
			buildConfigurations = (
				6B7380B5192A09160097D56E /* Debug */,
				6B7380B6192A09160097D56E /* Release */,
			);
			defaultConfigurationIsVisible = 0;
			defaultConfigurationName = Release;
		};
/* End XCConfigurationList section */
	};
	rootObject = 6B738086192A09160097D56E /* Project object */;
}
