// !$*UTF8*$!
{
	archiveVersion = 1;
	classes = {
	};
	objectVersion = 46;
	objects = {

/* Begin PBXBuildFile section */
		4CCCD87EFBD84660938C1FC4 /* libPods.a in Frameworks */ = {isa = PBXBuildFile; fileRef = 7E945A4DA19E4619A69FF60F /* libPods.a */; };
		6BEF5A34192B67C300F179B8 /* Foundation.framework in Frameworks */ = {isa = PBXBuildFile; fileRef = 6BEF5A33192B67C300F179B8 /* Foundation.framework */; };
		6BEF5A36192B67C300F179B8 /* CoreGraphics.framework in Frameworks */ = {isa = PBXBuildFile; fileRef = 6BEF5A35192B67C300F179B8 /* CoreGraphics.framework */; };
		6BEF5A38192B67C300F179B8 /* UIKit.framework in Frameworks */ = {isa = PBXBuildFile; fileRef = 6BEF5A37192B67C300F179B8 /* UIKit.framework */; };
		6BEF5A3E192B67C300F179B8 /* InfoPlist.strings in Resources */ = {isa = PBXBuildFile; fileRef = 6BEF5A3C192B67C300F179B8 /* InfoPlist.strings */; };
		6BEF5A40192B67C300F179B8 /* main.m in Sources */ = {isa = PBXBuildFile; fileRef = 6BEF5A3F192B67C300F179B8 /* main.m */; };
		6BEF5A44192B67C300F179B8 /* AppDelegate.m in Sources */ = {isa = PBXBuildFile; fileRef = 6BEF5A43192B67C300F179B8 /* AppDelegate.m */; };
		6BEF5A47192B67C300F179B8 /* Main.storyboard in Resources */ = {isa = PBXBuildFile; fileRef = 6BEF5A45192B67C300F179B8 /* Main.storyboard */; };
		6BEF5A4A192B67C300F179B8 /* ViewController.m in Sources */ = {isa = PBXBuildFile; fileRef = 6BEF5A49192B67C300F179B8 /* ViewController.m */; };
		6BEF5A4C192B67C300F179B8 /* Images.xcassets in Resources */ = {isa = PBXBuildFile; fileRef = 6BEF5A4B192B67C300F179B8 /* Images.xcassets */; };
		6BEF5A53192B67C300F179B8 /* XCTest.framework in Frameworks */ = {isa = PBXBuildFile; fileRef = 6BEF5A52192B67C300F179B8 /* XCTest.framework */; };
		6BEF5A54192B67C300F179B8 /* Foundation.framework in Frameworks */ = {isa = PBXBuildFile; fileRef = 6BEF5A33192B67C300F179B8 /* Foundation.framework */; };
		6BEF5A55192B67C300F179B8 /* UIKit.framework in Frameworks */ = {isa = PBXBuildFile; fileRef = 6BEF5A37192B67C300F179B8 /* UIKit.framework */; };
		6BEF5A5D192B67C300F179B8 /* InfoPlist.strings in Resources */ = {isa = PBXBuildFile; fileRef = 6BEF5A5B192B67C300F179B8 /* InfoPlist.strings */; };
		6BEF5A5F192B67C300F179B8 /* TreasureDataExampleTests.m in Sources */ = {isa = PBXBuildFile; fileRef = 6BEF5A5E192B67C300F179B8 /* TreasureDataExampleTests.m */; };
/* End PBXBuildFile section */

/* Begin PBXContainerItemProxy section */
		6BEF5A56192B67C300F179B8 /* PBXContainerItemProxy */ = {
			isa = PBXContainerItemProxy;
			containerPortal = 6BEF5A28192B67C300F179B8 /* Project object */;
			proxyType = 1;
			remoteGlobalIDString = 6BEF5A2F192B67C300F179B8;
			remoteInfo = TreasureDataExample;
		};
/* End PBXContainerItemProxy section */

/* Begin PBXFileReference section */
		40D10848D20D817657919B20 /* Pods.debug.xcconfig */ = {isa = PBXFileReference; includeInIndex = 1; lastKnownFileType = text.xcconfig; name = Pods.debug.xcconfig; path = "Pods/Target Support Files/Pods/Pods.debug.xcconfig"; sourceTree = "<group>"; };
		6BEF5A30192B67C300F179B8 /* TreasureDataExample.app */ = {isa = PBXFileReference; explicitFileType = wrapper.application; includeInIndex = 0; path = TreasureDataExample.app; sourceTree = BUILT_PRODUCTS_DIR; };
		6BEF5A33192B67C300F179B8 /* Foundation.framework */ = {isa = PBXFileReference; lastKnownFileType = wrapper.framework; name = Foundation.framework; path = System/Library/Frameworks/Foundation.framework; sourceTree = SDKROOT; };
		6BEF5A35192B67C300F179B8 /* CoreGraphics.framework */ = {isa = PBXFileReference; lastKnownFileType = wrapper.framework; name = CoreGraphics.framework; path = System/Library/Frameworks/CoreGraphics.framework; sourceTree = SDKROOT; };
		6BEF5A37192B67C300F179B8 /* UIKit.framework */ = {isa = PBXFileReference; lastKnownFileType = wrapper.framework; name = UIKit.framework; path = System/Library/Frameworks/UIKit.framework; sourceTree = SDKROOT; };
		6BEF5A3B192B67C300F179B8 /* TreasureDataExample-Info.plist */ = {isa = PBXFileReference; lastKnownFileType = text.plist.xml; path = "TreasureDataExample-Info.plist"; sourceTree = "<group>"; };
		6BEF5A3D192B67C300F179B8 /* en */ = {isa = PBXFileReference; lastKnownFileType = text.plist.strings; name = en; path = en.lproj/InfoPlist.strings; sourceTree = "<group>"; };
		6BEF5A3F192B67C300F179B8 /* main.m */ = {isa = PBXFileReference; lastKnownFileType = sourcecode.c.objc; path = main.m; sourceTree = "<group>"; };
		6BEF5A41192B67C300F179B8 /* TreasureDataExample-Prefix.pch */ = {isa = PBXFileReference; lastKnownFileType = sourcecode.c.h; path = "TreasureDataExample-Prefix.pch"; sourceTree = "<group>"; };
		6BEF5A42192B67C300F179B8 /* AppDelegate.h */ = {isa = PBXFileReference; lastKnownFileType = sourcecode.c.h; path = AppDelegate.h; sourceTree = "<group>"; };
		6BEF5A43192B67C300F179B8 /* AppDelegate.m */ = {isa = PBXFileReference; lastKnownFileType = sourcecode.c.objc; path = AppDelegate.m; sourceTree = "<group>"; };
		6BEF5A46192B67C300F179B8 /* Base */ = {isa = PBXFileReference; lastKnownFileType = file.storyboard; name = Base; path = Base.lproj/Main.storyboard; sourceTree = "<group>"; };
		6BEF5A48192B67C300F179B8 /* ViewController.h */ = {isa = PBXFileReference; lastKnownFileType = sourcecode.c.h; path = ViewController.h; sourceTree = "<group>"; };
		6BEF5A49192B67C300F179B8 /* ViewController.m */ = {isa = PBXFileReference; lastKnownFileType = sourcecode.c.objc; path = ViewController.m; sourceTree = "<group>"; };
		6BEF5A4B192B67C300F179B8 /* Images.xcassets */ = {isa = PBXFileReference; lastKnownFileType = folder.assetcatalog; path = Images.xcassets; sourceTree = "<group>"; };
		6BEF5A51192B67C300F179B8 /* TreasureDataExampleTests.xctest */ = {isa = PBXFileReference; explicitFileType = wrapper.cfbundle; includeInIndex = 0; path = TreasureDataExampleTests.xctest; sourceTree = BUILT_PRODUCTS_DIR; };
		6BEF5A52192B67C300F179B8 /* XCTest.framework */ = {isa = PBXFileReference; lastKnownFileType = wrapper.framework; name = XCTest.framework; path = Library/Frameworks/XCTest.framework; sourceTree = DEVELOPER_DIR; };
		6BEF5A5A192B67C300F179B8 /* TreasureDataExampleTests-Info.plist */ = {isa = PBXFileReference; lastKnownFileType = text.plist.xml; path = "TreasureDataExampleTests-Info.plist"; sourceTree = "<group>"; };
		6BEF5A5C192B67C300F179B8 /* en */ = {isa = PBXFileReference; lastKnownFileType = text.plist.strings; name = en; path = en.lproj/InfoPlist.strings; sourceTree = "<group>"; };
		6BEF5A5E192B67C300F179B8 /* TreasureDataExampleTests.m */ = {isa = PBXFileReference; lastKnownFileType = sourcecode.c.objc; path = TreasureDataExampleTests.m; sourceTree = "<group>"; };
		7E945A4DA19E4619A69FF60F /* libPods.a */ = {isa = PBXFileReference; explicitFileType = archive.ar; includeInIndex = 0; path = libPods.a; sourceTree = BUILT_PRODUCTS_DIR; };
		BD167F2DF7B0365D4FDFC914 /* Pods.release.xcconfig */ = {isa = PBXFileReference; includeInIndex = 1; lastKnownFileType = text.xcconfig; name = Pods.release.xcconfig; path = "Pods/Target Support Files/Pods/Pods.release.xcconfig"; sourceTree = "<group>"; };
/* End PBXFileReference section */

/* Begin PBXFrameworksBuildPhase section */
		6BEF5A2D192B67C300F179B8 /* Frameworks */ = {
			isa = PBXFrameworksBuildPhase;
			buildActionMask = 2147483647;
			files = (
				6BEF5A36192B67C300F179B8 /* CoreGraphics.framework in Frameworks */,
				6BEF5A38192B67C300F179B8 /* UIKit.framework in Frameworks */,
				6BEF5A34192B67C300F179B8 /* Foundation.framework in Frameworks */,
				4CCCD87EFBD84660938C1FC4 /* libPods.a in Frameworks */,
			);
			runOnlyForDeploymentPostprocessing = 0;
		};
		6BEF5A4E192B67C300F179B8 /* Frameworks */ = {
			isa = PBXFrameworksBuildPhase;
			buildActionMask = 2147483647;
			files = (
				6BEF5A53192B67C300F179B8 /* XCTest.framework in Frameworks */,
				6BEF5A55192B67C300F179B8 /* UIKit.framework in Frameworks */,
				6BEF5A54192B67C300F179B8 /* Foundation.framework in Frameworks */,
			);
			runOnlyForDeploymentPostprocessing = 0;
		};
/* End PBXFrameworksBuildPhase section */

/* Begin PBXGroup section */
		6BEF5A27192B67C300F179B8 = {
			isa = PBXGroup;
			children = (
				6BEF5A39192B67C300F179B8 /* TreasureDataExample */,
				6BEF5A58192B67C300F179B8 /* TreasureDataExampleTests */,
				6BEF5A32192B67C300F179B8 /* Frameworks */,
				6BEF5A31192B67C300F179B8 /* Products */,
				A6295BE904730D3D4AE05F56 /* Pods */,
			);
			sourceTree = "<group>";
		};
		6BEF5A31192B67C300F179B8 /* Products */ = {
			isa = PBXGroup;
			children = (
				6BEF5A30192B67C300F179B8 /* TreasureDataExample.app */,
				6BEF5A51192B67C300F179B8 /* TreasureDataExampleTests.xctest */,
			);
			name = Products;
			sourceTree = "<group>";
		};
		6BEF5A32192B67C300F179B8 /* Frameworks */ = {
			isa = PBXGroup;
			children = (
				6BEF5A33192B67C300F179B8 /* Foundation.framework */,
				6BEF5A35192B67C300F179B8 /* CoreGraphics.framework */,
				6BEF5A37192B67C300F179B8 /* UIKit.framework */,
				6BEF5A52192B67C300F179B8 /* XCTest.framework */,
				7E945A4DA19E4619A69FF60F /* libPods.a */,
			);
			name = Frameworks;
			sourceTree = "<group>";
		};
		6BEF5A39192B67C300F179B8 /* TreasureDataExample */ = {
			isa = PBXGroup;
			children = (
				6BEF5A42192B67C300F179B8 /* AppDelegate.h */,
				6BEF5A43192B67C300F179B8 /* AppDelegate.m */,
				6BEF5A45192B67C300F179B8 /* Main.storyboard */,
				6BEF5A48192B67C300F179B8 /* ViewController.h */,
				6BEF5A49192B67C300F179B8 /* ViewController.m */,
				6BEF5A4B192B67C300F179B8 /* Images.xcassets */,
				6BEF5A3A192B67C300F179B8 /* Supporting Files */,
			);
			path = TreasureDataExample;
			sourceTree = "<group>";
		};
		6BEF5A3A192B67C300F179B8 /* Supporting Files */ = {
			isa = PBXGroup;
			children = (
				6BEF5A3B192B67C300F179B8 /* TreasureDataExample-Info.plist */,
				6BEF5A3C192B67C300F179B8 /* InfoPlist.strings */,
				6BEF5A3F192B67C300F179B8 /* main.m */,
				6BEF5A41192B67C300F179B8 /* TreasureDataExample-Prefix.pch */,
			);
			name = "Supporting Files";
			sourceTree = "<group>";
		};
		6BEF5A58192B67C300F179B8 /* TreasureDataExampleTests */ = {
			isa = PBXGroup;
			children = (
				6BEF5A5E192B67C300F179B8 /* TreasureDataExampleTests.m */,
				6BEF5A59192B67C300F179B8 /* Supporting Files */,
			);
			path = TreasureDataExampleTests;
			sourceTree = "<group>";
		};
		6BEF5A59192B67C300F179B8 /* Supporting Files */ = {
			isa = PBXGroup;
			children = (
				6BEF5A5A192B67C300F179B8 /* TreasureDataExampleTests-Info.plist */,
				6BEF5A5B192B67C300F179B8 /* InfoPlist.strings */,
			);
			name = "Supporting Files";
			sourceTree = "<group>";
		};
		A6295BE904730D3D4AE05F56 /* Pods */ = {
			isa = PBXGroup;
			children = (
				40D10848D20D817657919B20 /* Pods.debug.xcconfig */,
				BD167F2DF7B0365D4FDFC914 /* Pods.release.xcconfig */,
			);
			name = Pods;
			sourceTree = "<group>";
		};
/* End PBXGroup section */

/* Begin PBXNativeTarget section */
		6BEF5A2F192B67C300F179B8 /* TreasureDataExample */ = {
			isa = PBXNativeTarget;
			buildConfigurationList = 6BEF5A62192B67C300F179B8 /* Build configuration list for PBXNativeTarget "TreasureDataExample" */;
			buildPhases = (
				324D4E1300084ECDB3529B15 /* Check Pods Manifest.lock */,
				6BEF5A2C192B67C300F179B8 /* Sources */,
				6BEF5A2D192B67C300F179B8 /* Frameworks */,
				6BEF5A2E192B67C300F179B8 /* Resources */,
				4E9D04FC8DA445E68529C1D1 /* Copy Pods Resources */,
				CC177DA18F734E8C1FE5B38B /* Embed Pods Frameworks */,
			);
			buildRules = (
			);
			dependencies = (
			);
			name = TreasureDataExample;
			productName = TreasureDataExample;
			productReference = 6BEF5A30192B67C300F179B8 /* TreasureDataExample.app */;
			productType = "com.apple.product-type.application";
		};
		6BEF5A50192B67C300F179B8 /* TreasureDataExampleTests */ = {
			isa = PBXNativeTarget;
			buildConfigurationList = 6BEF5A65192B67C300F179B8 /* Build configuration list for PBXNativeTarget "TreasureDataExampleTests" */;
			buildPhases = (
				6BEF5A4D192B67C300F179B8 /* Sources */,
				6BEF5A4E192B67C300F179B8 /* Frameworks */,
				6BEF5A4F192B67C300F179B8 /* Resources */,
			);
			buildRules = (
			);
			dependencies = (
				6BEF5A57192B67C300F179B8 /* PBXTargetDependency */,
			);
			name = TreasureDataExampleTests;
			productName = TreasureDataExampleTests;
			productReference = 6BEF5A51192B67C300F179B8 /* TreasureDataExampleTests.xctest */;
			productType = "com.apple.product-type.bundle.unit-test";
		};
/* End PBXNativeTarget section */

/* Begin PBXProject section */
		6BEF5A28192B67C300F179B8 /* Project object */ = {
			isa = PBXProject;
			attributes = {
				LastUpgradeCheck = 0510;
				ORGANIZATIONNAME = "Treasure Data";
				TargetAttributes = {
					6BEF5A50192B67C300F179B8 = {
						TestTargetID = 6BEF5A2F192B67C300F179B8;
					};
				};
			};
			buildConfigurationList = 6BEF5A2B192B67C300F179B8 /* Build configuration list for PBXProject "TreasureDataExample" */;
			compatibilityVersion = "Xcode 3.2";
			developmentRegion = English;
			hasScannedForEncodings = 0;
			knownRegions = (
				en,
				Base,
			);
			mainGroup = 6BEF5A27192B67C300F179B8;
			productRefGroup = 6BEF5A31192B67C300F179B8 /* Products */;
			projectDirPath = "";
			projectRoot = "";
			targets = (
				6BEF5A2F192B67C300F179B8 /* TreasureDataExample */,
				6BEF5A50192B67C300F179B8 /* TreasureDataExampleTests */,
			);
		};
/* End PBXProject section */

/* Begin PBXResourcesBuildPhase section */
		6BEF5A2E192B67C300F179B8 /* Resources */ = {
			isa = PBXResourcesBuildPhase;
			buildActionMask = 2147483647;
			files = (
				6BEF5A4C192B67C300F179B8 /* Images.xcassets in Resources */,
				6BEF5A3E192B67C300F179B8 /* InfoPlist.strings in Resources */,
				6BEF5A47192B67C300F179B8 /* Main.storyboard in Resources */,
			);
			runOnlyForDeploymentPostprocessing = 0;
		};
		6BEF5A4F192B67C300F179B8 /* Resources */ = {
			isa = PBXResourcesBuildPhase;
			buildActionMask = 2147483647;
			files = (
				6BEF5A5D192B67C300F179B8 /* InfoPlist.strings in Resources */,
			);
			runOnlyForDeploymentPostprocessing = 0;
		};
/* End PBXResourcesBuildPhase section */

/* Begin PBXShellScriptBuildPhase section */
		324D4E1300084ECDB3529B15 /* Check Pods Manifest.lock */ = {
			isa = PBXShellScriptBuildPhase;
			buildActionMask = 2147483647;
			files = (
			);
			inputPaths = (
			);
			name = "Check Pods Manifest.lock";
			outputPaths = (
			);
			runOnlyForDeploymentPostprocessing = 0;
			shellPath = /bin/sh;
			shellScript = "diff \"${PODS_ROOT}/../Podfile.lock\" \"${PODS_ROOT}/Manifest.lock\" > /dev/null\nif [[ $? != 0 ]] ; then\n    cat << EOM\nerror: The sandbox is not in sync with the Podfile.lock. Run 'pod install' or update your CocoaPods installation.\nEOM\n    exit 1\nfi\n";
			showEnvVarsInLog = 0;
		};
		4E9D04FC8DA445E68529C1D1 /* Copy Pods Resources */ = {
			isa = PBXShellScriptBuildPhase;
			buildActionMask = 2147483647;
			files = (
			);
			inputPaths = (
			);
			name = "Copy Pods Resources";
			outputPaths = (
			);
			runOnlyForDeploymentPostprocessing = 0;
			shellPath = /bin/sh;
			shellScript = "\"${SRCROOT}/Pods/Target Support Files/Pods/Pods-resources.sh\"\n";
			showEnvVarsInLog = 0;
		};
		CC177DA18F734E8C1FE5B38B /* Embed Pods Frameworks */ = {
			isa = PBXShellScriptBuildPhase;
			buildActionMask = 2147483647;
			files = (
			);
			inputPaths = (
			);
			name = "Embed Pods Frameworks";
			outputPaths = (
			);
			runOnlyForDeploymentPostprocessing = 0;
			shellPath = /bin/sh;
			shellScript = "\"${SRCROOT}/Pods/Target Support Files/Pods/Pods-frameworks.sh\"\n";
			showEnvVarsInLog = 0;
		};
/* End PBXShellScriptBuildPhase section */

/* Begin PBXSourcesBuildPhase section */
		6BEF5A2C192B67C300F179B8 /* Sources */ = {
			isa = PBXSourcesBuildPhase;
			buildActionMask = 2147483647;
			files = (
				6BEF5A4A192B67C300F179B8 /* ViewController.m in Sources */,
				6BEF5A44192B67C300F179B8 /* AppDelegate.m in Sources */,
				6BEF5A40192B67C300F179B8 /* main.m in Sources */,
			);
			runOnlyForDeploymentPostprocessing = 0;
		};
		6BEF5A4D192B67C300F179B8 /* Sources */ = {
			isa = PBXSourcesBuildPhase;
			buildActionMask = 2147483647;
			files = (
				6BEF5A5F192B67C300F179B8 /* TreasureDataExampleTests.m in Sources */,
			);
			runOnlyForDeploymentPostprocessing = 0;
		};
/* End PBXSourcesBuildPhase section */

/* Begin PBXTargetDependency section */
		6BEF5A57192B67C300F179B8 /* PBXTargetDependency */ = {
			isa = PBXTargetDependency;
			target = 6BEF5A2F192B67C300F179B8 /* TreasureDataExample */;
			targetProxy = 6BEF5A56192B67C300F179B8 /* PBXContainerItemProxy */;
		};
/* End PBXTargetDependency section */

/* Begin PBXVariantGroup section */
		6BEF5A3C192B67C300F179B8 /* InfoPlist.strings */ = {
			isa = PBXVariantGroup;
			children = (
				6BEF5A3D192B67C300F179B8 /* en */,
			);
			name = InfoPlist.strings;
			sourceTree = "<group>";
		};
		6BEF5A45192B67C300F179B8 /* Main.storyboard */ = {
			isa = PBXVariantGroup;
			children = (
				6BEF5A46192B67C300F179B8 /* Base */,
			);
			name = Main.storyboard;
			sourceTree = "<group>";
		};
		6BEF5A5B192B67C300F179B8 /* InfoPlist.strings */ = {
			isa = PBXVariantGroup;
			children = (
				6BEF5A5C192B67C300F179B8 /* en */,
			);
			name = InfoPlist.strings;
			sourceTree = "<group>";
		};
/* End PBXVariantGroup section */

/* Begin XCBuildConfiguration section */
		6BEF5A60192B67C300F179B8 /* Debug */ = {
			isa = XCBuildConfiguration;
			buildSettings = {
				ALWAYS_SEARCH_USER_PATHS = NO;
				CLANG_CXX_LANGUAGE_STANDARD = "gnu++0x";
				CLANG_CXX_LIBRARY = "libc++";
				CLANG_ENABLE_MODULES = YES;
				CLANG_ENABLE_OBJC_ARC = YES;
				CLANG_WARN_BOOL_CONVERSION = YES;
				CLANG_WARN_CONSTANT_CONVERSION = YES;
				CLANG_WARN_DIRECT_OBJC_ISA_USAGE = YES_ERROR;
				CLANG_WARN_EMPTY_BODY = YES;
				CLANG_WARN_ENUM_CONVERSION = YES;
				CLANG_WARN_INT_CONVERSION = YES;
				CLANG_WARN_OBJC_ROOT_CLASS = YES_ERROR;
				CLANG_WARN__DUPLICATE_METHOD_MATCH = YES;
				"CODE_SIGN_IDENTITY[sdk=iphoneos*]" = "iPhone Developer";
				COPY_PHASE_STRIP = NO;
				GCC_C_LANGUAGE_STANDARD = gnu99;
				GCC_DYNAMIC_NO_PIC = NO;
				GCC_OPTIMIZATION_LEVEL = 0;
				GCC_PREPROCESSOR_DEFINITIONS = (
					"DEBUG=1",
					"$(inherited)",
				);
				GCC_SYMBOLS_PRIVATE_EXTERN = NO;
				GCC_WARN_64_TO_32_BIT_CONVERSION = YES;
				GCC_WARN_ABOUT_RETURN_TYPE = YES_ERROR;
				GCC_WARN_UNDECLARED_SELECTOR = YES;
				GCC_WARN_UNINITIALIZED_AUTOS = YES_AGGRESSIVE;
				GCC_WARN_UNUSED_FUNCTION = YES;
				GCC_WARN_UNUSED_VARIABLE = YES;
				IPHONEOS_DEPLOYMENT_TARGET = 7.1;
				ONLY_ACTIVE_ARCH = YES;
				SDKROOT = iphoneos;
			};
			name = Debug;
		};
		6BEF5A61192B67C300F179B8 /* Release */ = {
			isa = XCBuildConfiguration;
			buildSettings = {
				ALWAYS_SEARCH_USER_PATHS = NO;
				CLANG_CXX_LANGUAGE_STANDARD = "gnu++0x";
				CLANG_CXX_LIBRARY = "libc++";
				CLANG_ENABLE_MODULES = YES;
				CLANG_ENABLE_OBJC_ARC = YES;
				CLANG_WARN_BOOL_CONVERSION = YES;
				CLANG_WARN_CONSTANT_CONVERSION = YES;
				CLANG_WARN_DIRECT_OBJC_ISA_USAGE = YES_ERROR;
				CLANG_WARN_EMPTY_BODY = YES;
				CLANG_WARN_ENUM_CONVERSION = YES;
				CLANG_WARN_INT_CONVERSION = YES;
				CLANG_WARN_OBJC_ROOT_CLASS = YES_ERROR;
				CLANG_WARN__DUPLICATE_METHOD_MATCH = YES;
				"CODE_SIGN_IDENTITY[sdk=iphoneos*]" = "iPhone Developer";
				COPY_PHASE_STRIP = YES;
				ENABLE_NS_ASSERTIONS = NO;
				GCC_C_LANGUAGE_STANDARD = gnu99;
				GCC_WARN_64_TO_32_BIT_CONVERSION = YES;
				GCC_WARN_ABOUT_RETURN_TYPE = YES_ERROR;
				GCC_WARN_UNDECLARED_SELECTOR = YES;
				GCC_WARN_UNINITIALIZED_AUTOS = YES_AGGRESSIVE;
				GCC_WARN_UNUSED_FUNCTION = YES;
				GCC_WARN_UNUSED_VARIABLE = YES;
				IPHONEOS_DEPLOYMENT_TARGET = 7.1;
				SDKROOT = iphoneos;
				VALIDATE_PRODUCT = YES;
			};
			name = Release;
		};
		6BEF5A63192B67C300F179B8 /* Debug */ = {
			isa = XCBuildConfiguration;
			baseConfigurationReference = 40D10848D20D817657919B20 /* Pods.debug.xcconfig */;
			buildSettings = {
				ASSETCATALOG_COMPILER_APPICON_NAME = AppIcon;
				ASSETCATALOG_COMPILER_LAUNCHIMAGE_NAME = LaunchImage;
				GCC_PRECOMPILE_PREFIX_HEADER = YES;
				GCC_PREFIX_HEADER = "TreasureDataExample/TreasureDataExample-Prefix.pch";
				INFOPLIST_FILE = "TreasureDataExample/TreasureDataExample-Info.plist";
				PRODUCT_NAME = "$(TARGET_NAME)";
				WRAPPER_EXTENSION = app;
			};
			name = Debug;
		};
		6BEF5A64192B67C300F179B8 /* Release */ = {
			isa = XCBuildConfiguration;
			baseConfigurationReference = BD167F2DF7B0365D4FDFC914 /* Pods.release.xcconfig */;
			buildSettings = {
				ASSETCATALOG_COMPILER_APPICON_NAME = AppIcon;
				ASSETCATALOG_COMPILER_LAUNCHIMAGE_NAME = LaunchImage;
				GCC_PRECOMPILE_PREFIX_HEADER = YES;
				GCC_PREFIX_HEADER = "TreasureDataExample/TreasureDataExample-Prefix.pch";
				INFOPLIST_FILE = "TreasureDataExample/TreasureDataExample-Info.plist";
				PRODUCT_NAME = "$(TARGET_NAME)";
				WRAPPER_EXTENSION = app;
			};
			name = Release;
		};
		6BEF5A66192B67C300F179B8 /* Debug */ = {
			isa = XCBuildConfiguration;
			buildSettings = {
				BUNDLE_LOADER = "$(BUILT_PRODUCTS_DIR)/TreasureDataExample.app/TreasureDataExample";
				FRAMEWORK_SEARCH_PATHS = (
					"$(SDKROOT)/Developer/Library/Frameworks",
					"$(inherited)",
					"$(DEVELOPER_FRAMEWORKS_DIR)",
				);
				GCC_PRECOMPILE_PREFIX_HEADER = YES;
				GCC_PREFIX_HEADER = "TreasureDataExample/TreasureDataExample-Prefix.pch";
				GCC_PREPROCESSOR_DEFINITIONS = (
					"DEBUG=1",
					"$(inherited)",
				);
				INFOPLIST_FILE = "TreasureDataExampleTests/TreasureDataExampleTests-Info.plist";
				PRODUCT_NAME = "$(TARGET_NAME)";
				TEST_HOST = "$(BUNDLE_LOADER)";
				WRAPPER_EXTENSION = xctest;
			};
			name = Debug;
		};
		6BEF5A67192B67C300F179B8 /* Release */ = {
			isa = XCBuildConfiguration;
			buildSettings = {
				BUNDLE_LOADER = "$(BUILT_PRODUCTS_DIR)/TreasureDataExample.app/TreasureDataExample";
				FRAMEWORK_SEARCH_PATHS = (
					"$(SDKROOT)/Developer/Library/Frameworks",
					"$(inherited)",
					"$(DEVELOPER_FRAMEWORKS_DIR)",
				);
				GCC_PRECOMPILE_PREFIX_HEADER = YES;
				GCC_PREFIX_HEADER = "TreasureDataExample/TreasureDataExample-Prefix.pch";
				INFOPLIST_FILE = "TreasureDataExampleTests/TreasureDataExampleTests-Info.plist";
				PRODUCT_NAME = "$(TARGET_NAME)";
				TEST_HOST = "$(BUNDLE_LOADER)";
				WRAPPER_EXTENSION = xctest;
			};
			name = Release;
		};
/* End XCBuildConfiguration section */

/* Begin XCConfigurationList section */
		6BEF5A2B192B67C300F179B8 /* Build configuration list for PBXProject "TreasureDataExample" */ = {
			isa = XCConfigurationList;
			buildConfigurations = (
				6BEF5A60192B67C300F179B8 /* Debug */,
				6BEF5A61192B67C300F179B8 /* Release */,
			);
			defaultConfigurationIsVisible = 0;
			defaultConfigurationName = Release;
		};
		6BEF5A62192B67C300F179B8 /* Build configuration list for PBXNativeTarget "TreasureDataExample" */ = {
			isa = XCConfigurationList;
			buildConfigurations = (
				6BEF5A63192B67C300F179B8 /* Debug */,
				6BEF5A64192B67C300F179B8 /* Release */,
			);
			defaultConfigurationIsVisible = 0;
			defaultConfigurationName = Release;
		};
		6BEF5A65192B67C300F179B8 /* Build configuration list for PBXNativeTarget "TreasureDataExampleTests" */ = {
			isa = XCConfigurationList;
			buildConfigurations = (
				6BEF5A66192B67C300F179B8 /* Debug */,
				6BEF5A67192B67C300F179B8 /* Release */,
			);
			defaultConfigurationIsVisible = 0;
			defaultConfigurationName = Release;
		};
/* End XCConfigurationList section */
	};
	rootObject = 6BEF5A28192B67C300F179B8 /* Project object */;
}
