// !$*UTF8*$!
{
	archiveVersion = 1;
	classes = {
	};
	objectVersion = 48;
	objects = {

/* Begin PBXBuildFile section */
		20B1861B2085DABD00B1A488 /* Assets.xcassets in Resources */ = {isa = PBXBuildFile; fileRef = 20B1861A2085DABC00B1A488 /* Assets.xcassets */; };
		20F4C4C120855AF90049E1C7 /* TreasureDataExample.m in Sources */ = {isa = PBXBuildFile; fileRef = 20F4C4C020855AF90049E1C7 /* TreasureDataExample.m */; };
		32738784919D4E5A315DDB44 /* Pods_TreasureDataExample.framework in Frameworks */ = {isa = PBXBuildFile; fileRef = 3D119DBAC2963C40CB86778D /* Pods_TreasureDataExample.framework */; };
		42A68B7B3B98E786DCCBA562 /* Pods_TreasureDataTVOSExample.framework in Frameworks */ = {isa = PBXBuildFile; fileRef = C2118163CDBC9000796D6103 /* Pods_TreasureDataTVOSExample.framework */; };
		6B14FEE61D3624DA00E9C3AF /* main.m in Sources */ = {isa = PBXBuildFile; fileRef = 6B14FEE51D3624DA00E9C3AF /* main.m */; };
		6B14FEE91D3624DA00E9C3AF /* AppDelegate.m in Sources */ = {isa = PBXBuildFile; fileRef = 6B14FEE81D3624DA00E9C3AF /* AppDelegate.m */; };
		6B14FEEC1D3624DA00E9C3AF /* iOSViewController.m in Sources */ = {isa = PBXBuildFile; fileRef = 6B14FEEB1D3624DA00E9C3AF /* iOSViewController.m */; };
		6B14FEEF1D3624DA00E9C3AF /* Main.storyboard in Resources */ = {isa = PBXBuildFile; fileRef = 6B14FEED1D3624DA00E9C3AF /* Main.storyboard */; };
		6B14FEF41D3624DA00E9C3AF /* LaunchScreen.storyboard in Resources */ = {isa = PBXBuildFile; fileRef = 6B14FEF21D3624DA00E9C3AF /* LaunchScreen.storyboard */; };
		DF0ED81B252B4DE4008F58B5 /* AdSupport.framework in Frameworks */ = {isa = PBXBuildFile; fileRef = DF0ED81A252B4DE4008F58B5 /* AdSupport.framework */; };
		DF1AEC102539B618004DCAEF /* TVOSAppDelegate.m in Sources */ = {isa = PBXBuildFile; fileRef = DF1AEC0F2539B618004DCAEF /* TVOSAppDelegate.m */; };
		DF1AEC132539B618004DCAEF /* TVOSViewController.m in Sources */ = {isa = PBXBuildFile; fileRef = DF1AEC122539B618004DCAEF /* TVOSViewController.m */; };
		DF1AEC162539B618004DCAEF /* TVOSMain.storyboard in Resources */ = {isa = PBXBuildFile; fileRef = DF1AEC142539B618004DCAEF /* TVOSMain.storyboard */; };
		DF1AEC182539B61B004DCAEF /* Assets.xcassets in Resources */ = {isa = PBXBuildFile; fileRef = DF1AEC172539B61B004DCAEF /* Assets.xcassets */; };
		DF1AEC1B2539B61B004DCAEF /* TVOSLaunchScreen.storyboard in Resources */ = {isa = PBXBuildFile; fileRef = DF1AEC192539B61B004DCAEF /* TVOSLaunchScreen.storyboard */; };
		DF1AEC1E2539B61B004DCAEF /* main.m in Sources */ = {isa = PBXBuildFile; fileRef = DF1AEC1D2539B61B004DCAEF /* main.m */; };
		DF89BC96255EA40700666B44 /* AdSupport.framework in Frameworks */ = {isa = PBXBuildFile; fileRef = DF89BC95255EA40700666B44 /* AdSupport.framework */; };
		DF89BC98255EA41D00666B44 /* StoreKit.framework in Frameworks */ = {isa = PBXBuildFile; fileRef = DF89BC97255EA41D00666B44 /* StoreKit.framework */; };
		DFFDBE382559A69E004B9C48 /* TextFieldTableViewCell.m in Sources */ = {isa = PBXBuildFile; fileRef = DFFDBE372559A69E004B9C48 /* TextFieldTableViewCell.m */; };
		E58437E1224A36D2009F0C7F /* IAPViewController.swift in Sources */ = {isa = PBXBuildFile; fileRef = E58437E0224A36D2009F0C7F /* IAPViewController.swift */; };
/* End PBXBuildFile section */

/* Begin PBXFileReference section */
		0EE6C1C60442438D3CE887F3 /* Pods-TreasureDataExample.release.xcconfig */ = {isa = PBXFileReference; includeInIndex = 1; lastKnownFileType = text.xcconfig; name = "Pods-TreasureDataExample.release.xcconfig"; path = "Pods/Target Support Files/Pods-TreasureDataExample/Pods-TreasureDataExample.release.xcconfig"; sourceTree = "<group>"; };
		20B1861A2085DABC00B1A488 /* Assets.xcassets */ = {isa = PBXFileReference; lastKnownFileType = folder.assetcatalog; path = Assets.xcassets; sourceTree = "<group>"; };
		20F4C4BF20855AE80049E1C7 /* TreasureDataExample.h */ = {isa = PBXFileReference; lastKnownFileType = sourcecode.c.h; path = TreasureDataExample.h; sourceTree = "<group>"; };
		20F4C4C020855AF90049E1C7 /* TreasureDataExample.m */ = {isa = PBXFileReference; lastKnownFileType = sourcecode.c.objc; path = TreasureDataExample.m; sourceTree = "<group>"; };
		3D119DBAC2963C40CB86778D /* Pods_TreasureDataExample.framework */ = {isa = PBXFileReference; explicitFileType = wrapper.framework; includeInIndex = 0; path = Pods_TreasureDataExample.framework; sourceTree = BUILT_PRODUCTS_DIR; };
		6B14FEE11D3624DA00E9C3AF /* TreasureDataExample.app */ = {isa = PBXFileReference; explicitFileType = wrapper.application; includeInIndex = 0; path = TreasureDataExample.app; sourceTree = BUILT_PRODUCTS_DIR; };
		6B14FEE51D3624DA00E9C3AF /* main.m */ = {isa = PBXFileReference; lastKnownFileType = sourcecode.c.objc; path = main.m; sourceTree = "<group>"; };
		6B14FEE71D3624DA00E9C3AF /* AppDelegate.h */ = {isa = PBXFileReference; lastKnownFileType = sourcecode.c.h; path = AppDelegate.h; sourceTree = "<group>"; };
		6B14FEE81D3624DA00E9C3AF /* AppDelegate.m */ = {isa = PBXFileReference; lastKnownFileType = sourcecode.c.objc; path = AppDelegate.m; sourceTree = "<group>"; };
		6B14FEEA1D3624DA00E9C3AF /* iOSViewController.h */ = {isa = PBXFileReference; lastKnownFileType = sourcecode.c.h; path = iOSViewController.h; sourceTree = "<group>"; };
		6B14FEEB1D3624DA00E9C3AF /* iOSViewController.m */ = {isa = PBXFileReference; lastKnownFileType = sourcecode.c.objc; path = iOSViewController.m; sourceTree = "<group>"; };
		6B14FEEE1D3624DA00E9C3AF /* Base */ = {isa = PBXFileReference; lastKnownFileType = file.storyboard; name = Base; path = Base.lproj/Main.storyboard; sourceTree = "<group>"; };
		6B14FEF31D3624DA00E9C3AF /* Base */ = {isa = PBXFileReference; lastKnownFileType = file.storyboard; name = Base; path = Base.lproj/LaunchScreen.storyboard; sourceTree = "<group>"; };
		6B14FEF51D3624DA00E9C3AF /* Info.plist */ = {isa = PBXFileReference; lastKnownFileType = text.plist.xml; path = Info.plist; sourceTree = "<group>"; };
		6E9E4DE6FF1370C2CA049A7E /* Pods-TreasureDataTVOSExample.release.xcconfig */ = {isa = PBXFileReference; includeInIndex = 1; lastKnownFileType = text.xcconfig; name = "Pods-TreasureDataTVOSExample.release.xcconfig"; path = "Pods/Target Support Files/Pods-TreasureDataTVOSExample/Pods-TreasureDataTVOSExample.release.xcconfig"; sourceTree = "<group>"; };
		C2118163CDBC9000796D6103 /* Pods_TreasureDataTVOSExample.framework */ = {isa = PBXFileReference; explicitFileType = wrapper.framework; includeInIndex = 0; path = Pods_TreasureDataTVOSExample.framework; sourceTree = BUILT_PRODUCTS_DIR; };
		D756E6DA689C821E31575BDE /* Pods-TreasureDataExample.debug.xcconfig */ = {isa = PBXFileReference; includeInIndex = 1; lastKnownFileType = text.xcconfig; name = "Pods-TreasureDataExample.debug.xcconfig"; path = "Pods/Target Support Files/Pods-TreasureDataExample/Pods-TreasureDataExample.debug.xcconfig"; sourceTree = "<group>"; };
		DAC6B3E7A6E2A7F8AF5AC283 /* Pods-TreasureDataTVOSExample.debug.xcconfig */ = {isa = PBXFileReference; includeInIndex = 1; lastKnownFileType = text.xcconfig; name = "Pods-TreasureDataTVOSExample.debug.xcconfig"; path = "Pods/Target Support Files/Pods-TreasureDataTVOSExample/Pods-TreasureDataTVOSExample.debug.xcconfig"; sourceTree = "<group>"; };
		DF0ED81A252B4DE4008F58B5 /* AdSupport.framework */ = {isa = PBXFileReference; lastKnownFileType = wrapper.framework; name = AdSupport.framework; path = System/Library/Frameworks/AdSupport.framework; sourceTree = SDKROOT; };
		DF1AEC0C2539B617004DCAEF /* TreasureDataTVOSExample.app */ = {isa = PBXFileReference; explicitFileType = wrapper.application; includeInIndex = 0; path = TreasureDataTVOSExample.app; sourceTree = BUILT_PRODUCTS_DIR; };
		DF1AEC0E2539B618004DCAEF /* TVOSAppDelegate.h */ = {isa = PBXFileReference; lastKnownFileType = sourcecode.c.h; path = TVOSAppDelegate.h; sourceTree = "<group>"; };
		DF1AEC0F2539B618004DCAEF /* TVOSAppDelegate.m */ = {isa = PBXFileReference; lastKnownFileType = sourcecode.c.objc; path = TVOSAppDelegate.m; sourceTree = "<group>"; };
		DF1AEC112539B618004DCAEF /* TVOSViewController.h */ = {isa = PBXFileReference; lastKnownFileType = sourcecode.c.h; path = TVOSViewController.h; sourceTree = "<group>"; };
		DF1AEC122539B618004DCAEF /* TVOSViewController.m */ = {isa = PBXFileReference; lastKnownFileType = sourcecode.c.objc; path = TVOSViewController.m; sourceTree = "<group>"; };
		DF1AEC152539B618004DCAEF /* Base */ = {isa = PBXFileReference; lastKnownFileType = file.storyboard; name = Base; path = Base.lproj/TVOSMain.storyboard; sourceTree = "<group>"; };
		DF1AEC172539B61B004DCAEF /* Assets.xcassets */ = {isa = PBXFileReference; lastKnownFileType = folder.assetcatalog; path = Assets.xcassets; sourceTree = "<group>"; };
		DF1AEC1A2539B61B004DCAEF /* Base */ = {isa = PBXFileReference; lastKnownFileType = file.storyboard; name = Base; path = Base.lproj/TVOSLaunchScreen.storyboard; sourceTree = "<group>"; };
		DF1AEC1C2539B61B004DCAEF /* Info.plist */ = {isa = PBXFileReference; lastKnownFileType = text.plist.xml; path = Info.plist; sourceTree = "<group>"; };
		DF1AEC1D2539B61B004DCAEF /* main.m */ = {isa = PBXFileReference; lastKnownFileType = sourcecode.c.objc; path = main.m; sourceTree = "<group>"; };
		DF89BC95255EA40700666B44 /* AdSupport.framework */ = {isa = PBXFileReference; lastKnownFileType = wrapper.framework; name = AdSupport.framework; path = Platforms/AppleTVOS.platform/Developer/SDKs/AppleTVOS14.2.sdk/System/Library/Frameworks/AdSupport.framework; sourceTree = DEVELOPER_DIR; };
		DF89BC97255EA41D00666B44 /* StoreKit.framework */ = {isa = PBXFileReference; lastKnownFileType = wrapper.framework; name = StoreKit.framework; path = Platforms/AppleTVOS.platform/Developer/SDKs/AppleTVOS14.2.sdk/System/Library/Frameworks/StoreKit.framework; sourceTree = DEVELOPER_DIR; };
		DFFDBE372559A69E004B9C48 /* TextFieldTableViewCell.m */ = {isa = PBXFileReference; lastKnownFileType = sourcecode.c.objc; path = TextFieldTableViewCell.m; sourceTree = "<group>"; };
		DFFDBE3B2559A6EC004B9C48 /* TextFieldTableViewCell.h */ = {isa = PBXFileReference; lastKnownFileType = sourcecode.c.h; path = TextFieldTableViewCell.h; sourceTree = "<group>"; };
		E58437DF224A36D1009F0C7F /* TreasureDataExample-Bridging-Header.h */ = {isa = PBXFileReference; lastKnownFileType = sourcecode.c.h; path = "TreasureDataExample-Bridging-Header.h"; sourceTree = "<group>"; };
		E58437E0224A36D2009F0C7F /* IAPViewController.swift */ = {isa = PBXFileReference; fileEncoding = 4; lastKnownFileType = sourcecode.swift; path = IAPViewController.swift; sourceTree = "<group>"; };
/* End PBXFileReference section */

/* Begin PBXFrameworksBuildPhase section */
		6B14FEDE1D3624DA00E9C3AF /* Frameworks */ = {
			isa = PBXFrameworksBuildPhase;
			buildActionMask = 2147483647;
			files = (
				DF0ED81B252B4DE4008F58B5 /* AdSupport.framework in Frameworks */,
				32738784919D4E5A315DDB44 /* Pods_TreasureDataExample.framework in Frameworks */,
			);
			runOnlyForDeploymentPostprocessing = 0;
		};
		DF1AEC092539B617004DCAEF /* Frameworks */ = {
			isa = PBXFrameworksBuildPhase;
			buildActionMask = 2147483647;
			files = (
				DF89BC98255EA41D00666B44 /* StoreKit.framework in Frameworks */,
				DF89BC96255EA40700666B44 /* AdSupport.framework in Frameworks */,
				42A68B7B3B98E786DCCBA562 /* Pods_TreasureDataTVOSExample.framework in Frameworks */,
			);
			runOnlyForDeploymentPostprocessing = 0;
		};
/* End PBXFrameworksBuildPhase section */

/* Begin PBXGroup section */
		16695A7E935BB39E4AA99D6B /* Frameworks */ = {
			isa = PBXGroup;
			children = (
				DF89BC97255EA41D00666B44 /* StoreKit.framework */,
				DF0ED81A252B4DE4008F58B5 /* AdSupport.framework */,
				DF89BC95255EA40700666B44 /* AdSupport.framework */,
				3D119DBAC2963C40CB86778D /* Pods_TreasureDataExample.framework */,
				C2118163CDBC9000796D6103 /* Pods_TreasureDataTVOSExample.framework */,
			);
			name = Frameworks;
			sourceTree = "<group>";
		};
		6B14FED81D3624DA00E9C3AF = {
			isa = PBXGroup;
			children = (
				6B14FEE31D3624DA00E9C3AF /* TreasureDataExample */,
				DF1AEC0D2539B618004DCAEF /* TreasureDataTVOSExample */,
				6B14FEE21D3624DA00E9C3AF /* Products */,
				B26184E85948AC90D9AB6C2D /* Pods */,
				16695A7E935BB39E4AA99D6B /* Frameworks */,
			);
			sourceTree = "<group>";
		};
		6B14FEE21D3624DA00E9C3AF /* Products */ = {
			isa = PBXGroup;
			children = (
				6B14FEE11D3624DA00E9C3AF /* TreasureDataExample.app */,
				DF1AEC0C2539B617004DCAEF /* TreasureDataTVOSExample.app */,
			);
			name = Products;
			sourceTree = "<group>";
		};
		6B14FEE31D3624DA00E9C3AF /* TreasureDataExample */ = {
			isa = PBXGroup;
			children = (
				20F4C4BF20855AE80049E1C7 /* TreasureDataExample.h */,
				20F4C4C020855AF90049E1C7 /* TreasureDataExample.m */,
				6B14FEE71D3624DA00E9C3AF /* AppDelegate.h */,
				6B14FEE81D3624DA00E9C3AF /* AppDelegate.m */,
				6B14FEEA1D3624DA00E9C3AF /* iOSViewController.h */,
				6B14FEEB1D3624DA00E9C3AF /* iOSViewController.m */,
				E58437E0224A36D2009F0C7F /* IAPViewController.swift */,
				20B1861A2085DABC00B1A488 /* Assets.xcassets */,
				6B14FEED1D3624DA00E9C3AF /* Main.storyboard */,
				6B14FEF21D3624DA00E9C3AF /* LaunchScreen.storyboard */,
				6B14FEF51D3624DA00E9C3AF /* Info.plist */,
				6B14FEE41D3624DA00E9C3AF /* Supporting Files */,
				E58437DF224A36D1009F0C7F /* TreasureDataExample-Bridging-Header.h */,
			);
			path = TreasureDataExample;
			sourceTree = "<group>";
		};
		6B14FEE41D3624DA00E9C3AF /* Supporting Files */ = {
			isa = PBXGroup;
			children = (
				6B14FEE51D3624DA00E9C3AF /* main.m */,
			);
			name = "Supporting Files";
			sourceTree = "<group>";
		};
		B26184E85948AC90D9AB6C2D /* Pods */ = {
			isa = PBXGroup;
			children = (
				D756E6DA689C821E31575BDE /* Pods-TreasureDataExample.debug.xcconfig */,
				0EE6C1C60442438D3CE887F3 /* Pods-TreasureDataExample.release.xcconfig */,
				DAC6B3E7A6E2A7F8AF5AC283 /* Pods-TreasureDataTVOSExample.debug.xcconfig */,
				6E9E4DE6FF1370C2CA049A7E /* Pods-TreasureDataTVOSExample.release.xcconfig */,
			);
			name = Pods;
			sourceTree = "<group>";
		};
		DF1AEC0D2539B618004DCAEF /* TreasureDataTVOSExample */ = {
			isa = PBXGroup;
			children = (
				DF1AEC0E2539B618004DCAEF /* TVOSAppDelegate.h */,
				DF1AEC0F2539B618004DCAEF /* TVOSAppDelegate.m */,
				DF1AEC112539B618004DCAEF /* TVOSViewController.h */,
				DF1AEC122539B618004DCAEF /* TVOSViewController.m */,
				DFFDBE3B2559A6EC004B9C48 /* TextFieldTableViewCell.h */,
				DFFDBE372559A69E004B9C48 /* TextFieldTableViewCell.m */,
				DF1AEC142539B618004DCAEF /* TVOSMain.storyboard */,
				DF1AEC192539B61B004DCAEF /* TVOSLaunchScreen.storyboard */,
				DF1AEC172539B61B004DCAEF /* Assets.xcassets */,
				DF1AEC1C2539B61B004DCAEF /* Info.plist */,
				DF1AEC1D2539B61B004DCAEF /* main.m */,
			);
			path = TreasureDataTVOSExample;
			sourceTree = "<group>";
		};
/* End PBXGroup section */

/* Begin PBXNativeTarget section */
		6B14FEE01D3624DA00E9C3AF /* TreasureDataExample */ = {
			isa = PBXNativeTarget;
			buildConfigurationList = 6B14FEF81D3624DA00E9C3AF /* Build configuration list for PBXNativeTarget "TreasureDataExample" */;
			buildPhases = (
				8F77E1303114177A4D498044 /* [CP] Check Pods Manifest.lock */,
				6B14FEDD1D3624DA00E9C3AF /* Sources */,
				6B14FEDE1D3624DA00E9C3AF /* Frameworks */,
				6B14FEDF1D3624DA00E9C3AF /* Resources */,
				16DC4C1A9FB923F5F332A776 /* [CP] Embed Pods Frameworks */,
			);
			buildRules = (
			);
			dependencies = (
			);
			name = TreasureDataExample;
			productName = TreasureDataExample;
			productReference = 6B14FEE11D3624DA00E9C3AF /* TreasureDataExample.app */;
			productType = "com.apple.product-type.application";
		};
		DF1AEC0B2539B617004DCAEF /* TreasureDataTVOSExample */ = {
			isa = PBXNativeTarget;
			buildConfigurationList = DF1AEC3B2539B61B004DCAEF /* Build configuration list for PBXNativeTarget "TreasureDataTVOSExample" */;
			buildPhases = (
				C7AF954D8E07AC67E7E55DD0 /* [CP] Check Pods Manifest.lock */,
				DF1AEC082539B617004DCAEF /* Sources */,
				DF1AEC092539B617004DCAEF /* Frameworks */,
				DF1AEC0A2539B617004DCAEF /* Resources */,
				9723A8A30BB6731BB465CD4C /* [CP] Embed Pods Frameworks */,
			);
			buildRules = (
			);
			dependencies = (
			);
			name = TreasureDataTVOSExample;
			productName = TreasureDataTVOSExample;
			productReference = DF1AEC0C2539B617004DCAEF /* TreasureDataTVOSExample.app */;
			productType = "com.apple.product-type.application";
		};
/* End PBXNativeTarget section */

/* Begin PBXProject section */
		6B14FED91D3624DA00E9C3AF /* Project object */ = {
			isa = PBXProject;
			attributes = {
				LastUpgradeCheck = 1020;
				ORGANIZATIONNAME = "Treasure Data";
				TargetAttributes = {
					6B14FEE01D3624DA00E9C3AF = {
						CreatedOnToolsVersion = 7.3.1;
						LastSwiftMigration = 1020;
						SystemCapabilities = {
							com.apple.Maps.iOS = {
								enabled = 0;
							};
						};
					};
					DF1AEC0B2539B617004DCAEF = {
						CreatedOnToolsVersion = 12.0.1;
						ProvisioningStyle = Automatic;
					};
				};
			};
			buildConfigurationList = 6B14FEDC1D3624DA00E9C3AF /* Build configuration list for PBXProject "TreasureDataExample" */;
			compatibilityVersion = "Xcode 8.0";
			developmentRegion = en;
			hasScannedForEncodings = 0;
			knownRegions = (
				en,
				Base,
			);
			mainGroup = 6B14FED81D3624DA00E9C3AF;
			productRefGroup = 6B14FEE21D3624DA00E9C3AF /* Products */;
			projectDirPath = "";
			projectRoot = "";
			targets = (
				6B14FEE01D3624DA00E9C3AF /* TreasureDataExample */,
				DF1AEC0B2539B617004DCAEF /* TreasureDataTVOSExample */,
			);
		};
/* End PBXProject section */

/* Begin PBXResourcesBuildPhase section */
		6B14FEDF1D3624DA00E9C3AF /* Resources */ = {
			isa = PBXResourcesBuildPhase;
			buildActionMask = 2147483647;
			files = (
				6B14FEF41D3624DA00E9C3AF /* LaunchScreen.storyboard in Resources */,
				20B1861B2085DABD00B1A488 /* Assets.xcassets in Resources */,
				6B14FEEF1D3624DA00E9C3AF /* Main.storyboard in Resources */,
			);
			runOnlyForDeploymentPostprocessing = 0;
		};
		DF1AEC0A2539B617004DCAEF /* Resources */ = {
			isa = PBXResourcesBuildPhase;
			buildActionMask = 2147483647;
			files = (
				DF1AEC1B2539B61B004DCAEF /* TVOSLaunchScreen.storyboard in Resources */,
				DF1AEC182539B61B004DCAEF /* Assets.xcassets in Resources */,
				DF1AEC162539B618004DCAEF /* TVOSMain.storyboard in Resources */,
			);
			runOnlyForDeploymentPostprocessing = 0;
		};
/* End PBXResourcesBuildPhase section */

/* Begin PBXShellScriptBuildPhase section */
		16DC4C1A9FB923F5F332A776 /* [CP] Embed Pods Frameworks */ = {
			isa = PBXShellScriptBuildPhase;
			buildActionMask = 2147483647;
			files = (
			);
			inputPaths = (
				"${PODS_ROOT}/Target Support Files/Pods-TreasureDataExample/Pods-TreasureDataExample-frameworks.sh",
				"${BUILT_PRODUCTS_DIR}/GZIP-iOS/GZIP.framework",
				"${BUILT_PRODUCTS_DIR}/KeenClientTD-iOS/KeenClientTD.framework",
				"${BUILT_PRODUCTS_DIR}/TreasureData-iOS-SDK-iOS/TreasureData_iOS_SDK.framework",
			);
			name = "[CP] Embed Pods Frameworks";
			outputPaths = (
				"${TARGET_BUILD_DIR}/${FRAMEWORKS_FOLDER_PATH}/GZIP.framework",
				"${TARGET_BUILD_DIR}/${FRAMEWORKS_FOLDER_PATH}/KeenClientTD.framework",
				"${TARGET_BUILD_DIR}/${FRAMEWORKS_FOLDER_PATH}/TreasureData_iOS_SDK.framework",
			);
			runOnlyForDeploymentPostprocessing = 0;
			shellPath = /bin/sh;
			shellScript = "\"${PODS_ROOT}/Target Support Files/Pods-TreasureDataExample/Pods-TreasureDataExample-frameworks.sh\"\n";
			showEnvVarsInLog = 0;
		};
		8F77E1303114177A4D498044 /* [CP] Check Pods Manifest.lock */ = {
			isa = PBXShellScriptBuildPhase;
			buildActionMask = 2147483647;
			files = (
			);
			inputPaths = (
				"${PODS_PODFILE_DIR_PATH}/Podfile.lock",
				"${PODS_ROOT}/Manifest.lock",
			);
			name = "[CP] Check Pods Manifest.lock";
			outputPaths = (
				"$(DERIVED_FILE_DIR)/Pods-TreasureDataExample-checkManifestLockResult.txt",
			);
			runOnlyForDeploymentPostprocessing = 0;
			shellPath = /bin/sh;
			shellScript = "diff \"${PODS_PODFILE_DIR_PATH}/Podfile.lock\" \"${PODS_ROOT}/Manifest.lock\" > /dev/null\nif [ $? != 0 ] ; then\n    # print error to STDERR\n    echo \"error: The sandbox is not in sync with the Podfile.lock. Run 'pod install' or update your CocoaPods installation.\" >&2\n    exit 1\nfi\n# This output is used by Xcode 'outputs' to avoid re-running this script phase.\necho \"SUCCESS\" > \"${SCRIPT_OUTPUT_FILE_0}\"\n";
			showEnvVarsInLog = 0;
		};
		9723A8A30BB6731BB465CD4C /* [CP] Embed Pods Frameworks */ = {
			isa = PBXShellScriptBuildPhase;
			buildActionMask = 2147483647;
			files = (
			);
			inputPaths = (
				"${PODS_ROOT}/Target Support Files/Pods-TreasureDataTVOSExample/Pods-TreasureDataTVOSExample-frameworks.sh",
				"${BUILT_PRODUCTS_DIR}/GZIP-tvOS/GZIP.framework",
				"${BUILT_PRODUCTS_DIR}/KeenClientTD-tvOS/KeenClientTD.framework",
				"${BUILT_PRODUCTS_DIR}/TreasureData-iOS-SDK-tvOS/TreasureData_iOS_SDK.framework",
			);
			name = "[CP] Embed Pods Frameworks";
			outputPaths = (
				"${TARGET_BUILD_DIR}/${FRAMEWORKS_FOLDER_PATH}/GZIP.framework",
				"${TARGET_BUILD_DIR}/${FRAMEWORKS_FOLDER_PATH}/KeenClientTD.framework",
				"${TARGET_BUILD_DIR}/${FRAMEWORKS_FOLDER_PATH}/TreasureData_iOS_SDK.framework",
			);
			runOnlyForDeploymentPostprocessing = 0;
			shellPath = /bin/sh;
			shellScript = "\"${PODS_ROOT}/Target Support Files/Pods-TreasureDataTVOSExample/Pods-TreasureDataTVOSExample-frameworks.sh\"\n";
			showEnvVarsInLog = 0;
		};
		C7AF954D8E07AC67E7E55DD0 /* [CP] Check Pods Manifest.lock */ = {
			isa = PBXShellScriptBuildPhase;
			buildActionMask = 2147483647;
			files = (
			);
			inputFileListPaths = (
			);
			inputPaths = (
				"${PODS_PODFILE_DIR_PATH}/Podfile.lock",
				"${PODS_ROOT}/Manifest.lock",
			);
			name = "[CP] Check Pods Manifest.lock";
			outputFileListPaths = (
			);
			outputPaths = (
				"$(DERIVED_FILE_DIR)/Pods-TreasureDataTVOSExample-checkManifestLockResult.txt",
			);
			runOnlyForDeploymentPostprocessing = 0;
			shellPath = /bin/sh;
			shellScript = "diff \"${PODS_PODFILE_DIR_PATH}/Podfile.lock\" \"${PODS_ROOT}/Manifest.lock\" > /dev/null\nif [ $? != 0 ] ; then\n    # print error to STDERR\n    echo \"error: The sandbox is not in sync with the Podfile.lock. Run 'pod install' or update your CocoaPods installation.\" >&2\n    exit 1\nfi\n# This output is used by Xcode 'outputs' to avoid re-running this script phase.\necho \"SUCCESS\" > \"${SCRIPT_OUTPUT_FILE_0}\"\n";
			showEnvVarsInLog = 0;
		};
/* End PBXShellScriptBuildPhase section */

/* Begin PBXSourcesBuildPhase section */
		6B14FEDD1D3624DA00E9C3AF /* Sources */ = {
			isa = PBXSourcesBuildPhase;
			buildActionMask = 2147483647;
			files = (
				6B14FEEC1D3624DA00E9C3AF /* iOSViewController.m in Sources */,
				20F4C4C120855AF90049E1C7 /* TreasureDataExample.m in Sources */,
				E58437E1224A36D2009F0C7F /* IAPViewController.swift in Sources */,
				6B14FEE91D3624DA00E9C3AF /* AppDelegate.m in Sources */,
				6B14FEE61D3624DA00E9C3AF /* main.m in Sources */,
			);
			runOnlyForDeploymentPostprocessing = 0;
		};
		DF1AEC082539B617004DCAEF /* Sources */ = {
			isa = PBXSourcesBuildPhase;
			buildActionMask = 2147483647;
			files = (
				DF1AEC132539B618004DCAEF /* TVOSViewController.m in Sources */,
				DF1AEC1E2539B61B004DCAEF /* main.m in Sources */,
				DF1AEC102539B618004DCAEF /* TVOSAppDelegate.m in Sources */,
				DFFDBE382559A69E004B9C48 /* TextFieldTableViewCell.m in Sources */,
			);
			runOnlyForDeploymentPostprocessing = 0;
		};
/* End PBXSourcesBuildPhase section */

/* Begin PBXVariantGroup section */
		6B14FEED1D3624DA00E9C3AF /* Main.storyboard */ = {
			isa = PBXVariantGroup;
			children = (
				6B14FEEE1D3624DA00E9C3AF /* Base */,
			);
			name = Main.storyboard;
			sourceTree = "<group>";
		};
		6B14FEF21D3624DA00E9C3AF /* LaunchScreen.storyboard */ = {
			isa = PBXVariantGroup;
			children = (
				6B14FEF31D3624DA00E9C3AF /* Base */,
			);
			name = LaunchScreen.storyboard;
			sourceTree = "<group>";
		};
		DF1AEC142539B618004DCAEF /* TVOSMain.storyboard */ = {
			isa = PBXVariantGroup;
			children = (
				DF1AEC152539B618004DCAEF /* Base */,
			);
			name = TVOSMain.storyboard;
			sourceTree = "<group>";
		};
		DF1AEC192539B61B004DCAEF /* TVOSLaunchScreen.storyboard */ = {
			isa = PBXVariantGroup;
			children = (
				DF1AEC1A2539B61B004DCAEF /* Base */,
			);
			name = TVOSLaunchScreen.storyboard;
			sourceTree = "<group>";
		};
/* End PBXVariantGroup section */

/* Begin XCBuildConfiguration section */
		6B14FEF61D3624DA00E9C3AF /* Debug */ = {
			isa = XCBuildConfiguration;
			buildSettings = {
				ALWAYS_SEARCH_USER_PATHS = NO;
				CLANG_ANALYZER_NONNULL = YES;
				CLANG_CXX_LANGUAGE_STANDARD = "gnu++0x";
				CLANG_CXX_LIBRARY = "libc++";
				CLANG_ENABLE_MODULES = YES;
				CLANG_ENABLE_OBJC_ARC = YES;
				CLANG_MODULES_AUTOLINK = YES;
				CLANG_WARN_BLOCK_CAPTURE_AUTORELEASING = YES;
				CLANG_WARN_BOOL_CONVERSION = YES;
				CLANG_WARN_COMMA = YES;
				CLANG_WARN_CONSTANT_CONVERSION = YES;
				CLANG_WARN_DEPRECATED_OBJC_IMPLEMENTATIONS = YES;
				CLANG_WARN_DIRECT_OBJC_ISA_USAGE = YES_ERROR;
				CLANG_WARN_EMPTY_BODY = YES;
				CLANG_WARN_ENUM_CONVERSION = YES;
				CLANG_WARN_INFINITE_RECURSION = YES;
				CLANG_WARN_INT_CONVERSION = YES;
				CLANG_WARN_NON_LITERAL_NULL_CONVERSION = YES;
				CLANG_WARN_OBJC_IMPLICIT_RETAIN_SELF = YES;
				CLANG_WARN_OBJC_LITERAL_CONVERSION = YES;
				CLANG_WARN_OBJC_ROOT_CLASS = YES_ERROR;
				CLANG_WARN_RANGE_LOOP_ANALYSIS = YES;
				CLANG_WARN_STRICT_PROTOTYPES = YES;
				CLANG_WARN_SUSPICIOUS_MOVE = YES;
				CLANG_WARN_UNREACHABLE_CODE = YES;
				CLANG_WARN__DUPLICATE_METHOD_MATCH = YES;
				"CODE_SIGN_IDENTITY[sdk=iphoneos*]" = "iPhone Developer";
				COPY_PHASE_STRIP = NO;
				DEBUG_INFORMATION_FORMAT = dwarf;
				ENABLE_STRICT_OBJC_MSGSEND = YES;
				ENABLE_TESTABILITY = YES;
				GCC_C_LANGUAGE_STANDARD = gnu99;
				GCC_DYNAMIC_NO_PIC = NO;
				GCC_NO_COMMON_BLOCKS = YES;
				GCC_OPTIMIZATION_LEVEL = 0;
				GCC_PREPROCESSOR_DEFINITIONS = (
					"DEBUG=1",
					"$(inherited)",
				);
				GCC_WARN_64_TO_32_BIT_CONVERSION = YES;
				GCC_WARN_ABOUT_RETURN_TYPE = YES_ERROR;
				GCC_WARN_UNDECLARED_SELECTOR = YES;
				GCC_WARN_UNINITIALIZED_AUTOS = YES_AGGRESSIVE;
				GCC_WARN_UNUSED_FUNCTION = YES;
				GCC_WARN_UNUSED_VARIABLE = YES;
				IPHONEOS_DEPLOYMENT_TARGET = 11.0;
				MTL_ENABLE_DEBUG_INFO = YES;
				ONLY_ACTIVE_ARCH = YES;
				SDKROOT = iphoneos;
				TARGETED_DEVICE_FAMILY = "1,2";
			};
			name = Debug;
		};
		6B14FEF71D3624DA00E9C3AF /* Release */ = {
			isa = XCBuildConfiguration;
			buildSettings = {
				ALWAYS_SEARCH_USER_PATHS = NO;
				CLANG_ANALYZER_NONNULL = YES;
				CLANG_CXX_LANGUAGE_STANDARD = "gnu++0x";
				CLANG_CXX_LIBRARY = "libc++";
				CLANG_ENABLE_MODULES = YES;
				CLANG_ENABLE_OBJC_ARC = YES;
				CLANG_MODULES_AUTOLINK = YES;
				CLANG_WARN_BLOCK_CAPTURE_AUTORELEASING = YES;
				CLANG_WARN_BOOL_CONVERSION = YES;
				CLANG_WARN_COMMA = YES;
				CLANG_WARN_CONSTANT_CONVERSION = YES;
				CLANG_WARN_DEPRECATED_OBJC_IMPLEMENTATIONS = YES;
				CLANG_WARN_DIRECT_OBJC_ISA_USAGE = YES_ERROR;
				CLANG_WARN_EMPTY_BODY = YES;
				CLANG_WARN_ENUM_CONVERSION = YES;
				CLANG_WARN_INFINITE_RECURSION = YES;
				CLANG_WARN_INT_CONVERSION = YES;
				CLANG_WARN_NON_LITERAL_NULL_CONVERSION = YES;
				CLANG_WARN_OBJC_IMPLICIT_RETAIN_SELF = YES;
				CLANG_WARN_OBJC_LITERAL_CONVERSION = YES;
				CLANG_WARN_OBJC_ROOT_CLASS = YES_ERROR;
				CLANG_WARN_RANGE_LOOP_ANALYSIS = YES;
				CLANG_WARN_STRICT_PROTOTYPES = YES;
				CLANG_WARN_SUSPICIOUS_MOVE = YES;
				CLANG_WARN_UNREACHABLE_CODE = YES;
				CLANG_WARN__DUPLICATE_METHOD_MATCH = YES;
				"CODE_SIGN_IDENTITY[sdk=iphoneos*]" = "iPhone Developer";
				COPY_PHASE_STRIP = NO;
				DEBUG_INFORMATION_FORMAT = "dwarf-with-dsym";
				ENABLE_NS_ASSERTIONS = NO;
				ENABLE_STRICT_OBJC_MSGSEND = YES;
				GCC_C_LANGUAGE_STANDARD = gnu99;
				GCC_NO_COMMON_BLOCKS = YES;
				GCC_WARN_64_TO_32_BIT_CONVERSION = YES;
				GCC_WARN_ABOUT_RETURN_TYPE = YES_ERROR;
				GCC_WARN_UNDECLARED_SELECTOR = YES;
				GCC_WARN_UNINITIALIZED_AUTOS = YES_AGGRESSIVE;
				GCC_WARN_UNUSED_FUNCTION = YES;
				GCC_WARN_UNUSED_VARIABLE = YES;
				IPHONEOS_DEPLOYMENT_TARGET = 11.0;
				MTL_ENABLE_DEBUG_INFO = NO;
				SDKROOT = iphoneos;
				SWIFT_COMPILATION_MODE = wholemodule;
				TARGETED_DEVICE_FAMILY = "1,2";
				VALIDATE_PRODUCT = YES;
			};
			name = Release;
		};
		6B14FEF91D3624DA00E9C3AF /* Debug */ = {
			isa = XCBuildConfiguration;
			baseConfigurationReference = D756E6DA689C821E31575BDE /* Pods-TreasureDataExample.debug.xcconfig */;
			buildSettings = {
				ASSETCATALOG_COMPILER_APPICON_NAME = AppIcon;
				CLANG_ENABLE_MODULES = YES;
				CLANG_MODULES_AUTOLINK = YES;
				CODE_SIGN_IDENTITY = "Apple Development";
				"CODE_SIGN_IDENTITY[sdk=iphoneos*]" = "iPhone Developer";
				CURRENT_PROJECT_VERSION = 5;
				DEVELOPMENT_TEAM = 9W6J4NV9HT;
				INFOPLIST_FILE = TreasureDataExample/Info.plist;
				IPHONEOS_DEPLOYMENT_TARGET = 9.0;
				LD_RUNPATH_SEARCH_PATHS = "$(inherited) @executable_path/Frameworks";
				PRODUCT_BUNDLE_IDENTIFIER = com.treasuredata.iaptest;
				PRODUCT_NAME = "$(TARGET_NAME)";
				SWIFT_OBJC_BRIDGING_HEADER = "TreasureDataExample/TreasureDataExample-Bridging-Header.h";
				SWIFT_OPTIMIZATION_LEVEL = "-Onone";
				SWIFT_VERSION = 5.0;
				TARGETED_DEVICE_FAMILY = 1;
			};
			name = Debug;
		};
		6B14FEFA1D3624DA00E9C3AF /* Release */ = {
			isa = XCBuildConfiguration;
			baseConfigurationReference = 0EE6C1C60442438D3CE887F3 /* Pods-TreasureDataExample.release.xcconfig */;
			buildSettings = {
				ASSETCATALOG_COMPILER_APPICON_NAME = AppIcon;
				CLANG_ENABLE_MODULES = YES;
				CLANG_MODULES_AUTOLINK = YES;
				CURRENT_PROJECT_VERSION = 5;
				DEVELOPMENT_TEAM = 9W6J4NV9HT;
				INFOPLIST_FILE = TreasureDataExample/Info.plist;
				IPHONEOS_DEPLOYMENT_TARGET = 9.0;
				LD_RUNPATH_SEARCH_PATHS = "$(inherited) @executable_path/Frameworks";
				PRODUCT_BUNDLE_IDENTIFIER = com.treasuredata.iaptest;
				PRODUCT_NAME = "$(TARGET_NAME)";
				SWIFT_OBJC_BRIDGING_HEADER = "TreasureDataExample/TreasureDataExample-Bridging-Header.h";
				SWIFT_VERSION = 5.0;
				TARGETED_DEVICE_FAMILY = 1;
			};
			name = Release;
		};
		DF1AEC352539B61B004DCAEF /* Debug */ = {
			isa = XCBuildConfiguration;
			baseConfigurationReference = DAC6B3E7A6E2A7F8AF5AC283 /* Pods-TreasureDataTVOSExample.debug.xcconfig */;
			buildSettings = {
				ASSETCATALOG_COMPILER_APPICON_NAME = "App Icon & Top Shelf Image";
				ASSETCATALOG_COMPILER_GLOBAL_ACCENT_COLOR_NAME = AccentColor;
				CLANG_ANALYZER_NUMBER_OBJECT_CONVERSION = YES_AGGRESSIVE;
				CLANG_CXX_LANGUAGE_STANDARD = "gnu++14";
				CLANG_ENABLE_OBJC_WEAK = YES;
				CLANG_WARN_DOCUMENTATION_COMMENTS = YES;
				CLANG_WARN_QUOTED_INCLUDE_IN_FRAMEWORK_HEADER = YES;
				CLANG_WARN_UNGUARDED_AVAILABILITY = YES_AGGRESSIVE;
				CODE_SIGN_STYLE = Automatic;
				DEVELOPMENT_TEAM = 9W6J4NV9HT;
				GCC_C_LANGUAGE_STANDARD = gnu11;
				INFOPLIST_FILE = TreasureDataTVOSExample/Info.plist;
				LD_RUNPATH_SEARCH_PATHS = "$(inherited) @executable_path/Frameworks";
				MTL_ENABLE_DEBUG_INFO = INCLUDE_SOURCE;
				MTL_FAST_MATH = YES;
				PRODUCT_BUNDLE_IDENTIFIER = com.treasuredata.iaptest;
				PRODUCT_NAME = "$(TARGET_NAME)";
				SDKROOT = appletvos;
				TARGETED_DEVICE_FAMILY = 3;
				TVOS_DEPLOYMENT_TARGET = 12.4;
			};
			name = Debug;
		};
		DF1AEC362539B61B004DCAEF /* Release */ = {
			isa = XCBuildConfiguration;
			baseConfigurationReference = 6E9E4DE6FF1370C2CA049A7E /* Pods-TreasureDataTVOSExample.release.xcconfig */;
			buildSettings = {
				ASSETCATALOG_COMPILER_APPICON_NAME = "App Icon & Top Shelf Image";
				ASSETCATALOG_COMPILER_GLOBAL_ACCENT_COLOR_NAME = AccentColor;
				CLANG_ANALYZER_NUMBER_OBJECT_CONVERSION = YES_AGGRESSIVE;
				CLANG_CXX_LANGUAGE_STANDARD = "gnu++14";
				CLANG_ENABLE_OBJC_WEAK = YES;
				CLANG_WARN_DOCUMENTATION_COMMENTS = YES;
				CLANG_WARN_QUOTED_INCLUDE_IN_FRAMEWORK_HEADER = YES;
				CLANG_WARN_UNGUARDED_AVAILABILITY = YES_AGGRESSIVE;
				CODE_SIGN_STYLE = Automatic;
				DEVELOPMENT_TEAM = 9W6J4NV9HT;
				GCC_C_LANGUAGE_STANDARD = gnu11;
				INFOPLIST_FILE = TreasureDataTVOSExample/Info.plist;
				LD_RUNPATH_SEARCH_PATHS = "$(inherited) @executable_path/Frameworks";
				MTL_FAST_MATH = YES;
				PRODUCT_BUNDLE_IDENTIFIER = com.treasuredata.iaptest;
				PRODUCT_NAME = "$(TARGET_NAME)";
				SDKROOT = appletvos;
				TARGETED_DEVICE_FAMILY = 3;
				TVOS_DEPLOYMENT_TARGET = 12.4;
			};
			name = Release;
		};
/* End XCBuildConfiguration section */

/* Begin XCConfigurationList section */
		6B14FEDC1D3624DA00E9C3AF /* Build configuration list for PBXProject "TreasureDataExample" */ = {
			isa = XCConfigurationList;
			buildConfigurations = (
				6B14FEF61D3624DA00E9C3AF /* Debug */,
				6B14FEF71D3624DA00E9C3AF /* Release */,
			);
			defaultConfigurationIsVisible = 0;
			defaultConfigurationName = Release;
		};
		6B14FEF81D3624DA00E9C3AF /* Build configuration list for PBXNativeTarget "TreasureDataExample" */ = {
			isa = XCConfigurationList;
			buildConfigurations = (
				6B14FEF91D3624DA00E9C3AF /* Debug */,
				6B14FEFA1D3624DA00E9C3AF /* Release */,
			);
			defaultConfigurationIsVisible = 0;
			defaultConfigurationName = Release;
		};
		DF1AEC3B2539B61B004DCAEF /* Build configuration list for PBXNativeTarget "TreasureDataTVOSExample" */ = {
			isa = XCConfigurationList;
			buildConfigurations = (
				DF1AEC352539B61B004DCAEF /* Debug */,
				DF1AEC362539B61B004DCAEF /* Release */,
			);
			defaultConfigurationIsVisible = 0;
			defaultConfigurationName = Release;
		};
/* End XCConfigurationList section */
	};
	rootObject = 6B14FED91D3624DA00E9C3AF /* Project object */;
}
