PODS:
  - KeenClientTD (3.2.34):
    - KeenClientTD/keen_sqlite (= 3.2.34)
  - KeenClientTD/keen_sqlite (3.2.34)
  - TreasureData-iOS-SDK (0.1.27):
    - KeenClientTD (= 3.2.34)

DEPENDENCIES:
  - TreasureData-iOS-SDK (from `..`)

SPEC REPOS:
  https://github.com/cocoapods/specs.git:
    - KeenClientTD

EXTERNAL SOURCES:
  TreasureData-iOS-SDK:
    :path: ".."

SPEC CHECKSUMS:
  KeenClientTD: 62b6bfcc42c32e0fa623fafb24739fcfc2edf586
  TreasureData-iOS-SDK: 8577217fe2f9325dfe89a177629a55f324b76dc7

PODFILE CHECKSUM: 99b35cd9cef5e0ef2908311a9f1b4e428bb2a1fc

COCOAPODS: 1.6.1
