PODS:
  - KeenClientTD (3.2.33):
    - KeenClientTD/keen_sqlite (= 3.2.33)
  - KeenClientTD/keen_sqlite (3.2.33)
  - TreasureData-iOS-SDK (0.1.27):
    - KeenClientTD (= 3.2.33)

DEPENDENCIES:
  - TreasureData-iOS-SDK (from `..`)

SPEC REPOS:
  https://github.com/cocoapods/specs.git:
    - KeenClientTD

EXTERNAL SOURCES:
  TreasureData-iOS-SDK:
    :path: ".."

SPEC CHECKSUMS:
  KeenClientTD: 1faa85dca8fe1cf14a7b5c1a736a4fa9ea42fea7
  TreasureData-iOS-SDK: ec344c7340885fa48c2f7ed0b4598a9be0309c97

PODFILE CHECKSUM: 99b35cd9cef5e0ef2908311a9f1b4e428bb2a1fc

COCOAPODS: 1.5.3
